
Microsoft Visual Studio Solution File, Format Version 12.00
# Visual Studio Version 17
VisualStudioVersion = 17.1.32328.378
MinimumVisualStudioVersion = 10.0.40219.1
Project("{9A19103F-16F7-4668-BE54-9A1E7A4F7556}") = "View.Uno", "src\View.Uno\View.Uno.csproj", "{58D94E26-9A4A-45AD-9F5E-2FCB9B2F0EAE}"
EndProject
Project("{2150E333-8FDC-42A3-9474-1A3956D46DE8}") = "Sample", "Sample", "{FD058962-1F0C-422E-B02A-0A46444FA225}"
EndProject
Project("{D954291E-2A0B-460D-934E-DC6B0785DB48}") = "View.Uno.Sample.Shared", "View.Uno.Sample\View.Uno.Sample.Shared\View.Uno.Sample.Shared.shproj", "{6279C845-92F8-4333-AB99-3D213163593C}"
EndProject
Project("{2150E333-8FDC-42A3-9474-1A3956D46DE8}") = "Platforms", "Platforms", "{86C58152-7352-4028-9367-F76E3CF8AB95}"
EndProject
Project("{FAE04EC0-301F-11D3-BF4B-00C04F79EFBC}") = "View.Uno.Sample.Droid", "View.Uno.Sample\View.Uno.Sample.Droid\View.Uno.Sample.Droid.csproj", "{21E02BB2-8841-4226-B06E-65A24B79C319}"
EndProject
Project("{FAE04EC0-301F-11D3-BF4B-00C04F79EFBC}") = "View.Uno.Sample.iOS", "View.Uno.Sample\View.Uno.Sample.iOS\View.Uno.Sample.iOS.csproj", "{A88ED13D-4EB2-44C8-B876-1AD35EC1E502}"
EndProject
Project("{FAE04EC0-301F-11D3-BF4B-00C04F79EFBC}") = "View.Uno.Sample.UWP", "View.Uno.Sample\View.Uno.Sample.UWP\View.Uno.Sample.UWP.csproj", "{34A5DBF6-31B9-4B1F-8562-9514EEFF533B}"
EndProject
Project("{D954291E-2A0B-460D-934E-DC6B0785DB48}") = "View.Shared", "src\View.Shared\View.Shared.shproj", "{56DC53AB-CD82-4C07-AE15-295848E83F14}"
EndProject
Global
	GlobalSection(SolutionConfigurationPlatforms) = preSolution
		Ad-Hoc|Android = Ad-Hoc|Android
		Ad-Hoc|Any CPU = Ad-Hoc|Any CPU
		Ad-Hoc|ARM = Ad-Hoc|ARM
		Ad-Hoc|ARM64 = Ad-Hoc|ARM64
		Ad-Hoc|iOS = Ad-Hoc|iOS
		Ad-Hoc|iPhone = Ad-Hoc|iPhone
		Ad-Hoc|iPhoneSimulator = Ad-Hoc|iPhoneSimulator
		Ad-Hoc|NuGet = Ad-Hoc|NuGet
		Ad-Hoc|UAP = Ad-Hoc|UAP
		Ad-Hoc|x64 = Ad-Hoc|x64
		Ad-Hoc|x86 = Ad-Hoc|x86
		AppStore|Android = AppStore|Android
		AppStore|Any CPU = AppStore|Any CPU
		AppStore|ARM = AppStore|ARM
		AppStore|ARM64 = AppStore|ARM64
		AppStore|iOS = AppStore|iOS
		AppStore|iPhone = AppStore|iPhone
		AppStore|iPhoneSimulator = AppStore|iPhoneSimulator
		AppStore|NuGet = AppStore|NuGet
		AppStore|UAP = AppStore|UAP
		AppStore|x64 = AppStore|x64
		AppStore|x86 = AppStore|x86
		Debug|Android = Debug|Android
		Debug|Any CPU = Debug|Any CPU
		Debug|ARM = Debug|ARM
		Debug|ARM64 = Debug|ARM64
		Debug|iOS = Debug|iOS
		Debug|iPhone = Debug|iPhone
		Debug|iPhoneSimulator = Debug|iPhoneSimulator
		Debug|NuGet = Debug|NuGet
		Debug|UAP = Debug|UAP
		Debug|x64 = Debug|x64
		Debug|x86 = Debug|x86
		Release|Android = Release|Android
		Release|Any CPU = Release|Any CPU
		Release|ARM = Release|ARM
		Release|ARM64 = Release|ARM64
		Release|iOS = Release|iOS
		Release|iPhone = Release|iPhone
		Release|iPhoneSimulator = Release|iPhoneSimulator
		Release|NuGet = Release|NuGet
		Release|UAP = Release|UAP
		Release|x64 = Release|x64
		Release|x86 = Release|x86
	EndGlobalSection
	GlobalSection(ProjectConfigurationPlatforms) = postSolution
		{58D94E26-9A4A-45AD-9F5E-2FCB9B2F0EAE}.Ad-Hoc|Android.ActiveCfg = Release|Any CPU
		{58D94E26-9A4A-45AD-9F5E-2FCB9B2F0EAE}.Ad-Hoc|Android.Build.0 = Release|Any CPU
		{58D94E26-9A4A-45AD-9F5E-2FCB9B2F0EAE}.Ad-Hoc|Any CPU.ActiveCfg = Release|Any CPU
		{58D94E26-9A4A-45AD-9F5E-2FCB9B2F0EAE}.Ad-Hoc|Any CPU.Build.0 = Release|Any CPU
		{58D94E26-9A4A-45AD-9F5E-2FCB9B2F0EAE}.Ad-Hoc|ARM.ActiveCfg = Release|Any CPU
		{58D94E26-9A4A-45AD-9F5E-2FCB9B2F0EAE}.Ad-Hoc|ARM.Build.0 = Release|Any CPU
		{58D94E26-9A4A-45AD-9F5E-2FCB9B2F0EAE}.Ad-Hoc|ARM64.ActiveCfg = Release|Any CPU
		{58D94E26-9A4A-45AD-9F5E-2FCB9B2F0EAE}.Ad-Hoc|ARM64.Build.0 = Release|Any CPU
		{58D94E26-9A4A-45AD-9F5E-2FCB9B2F0EAE}.Ad-Hoc|iOS.ActiveCfg = Release|Any CPU
		{58D94E26-9A4A-45AD-9F5E-2FCB9B2F0EAE}.Ad-Hoc|iOS.Build.0 = Release|Any CPU
		{58D94E26-9A4A-45AD-9F5E-2FCB9B2F0EAE}.Ad-Hoc|iPhone.ActiveCfg = Release|Any CPU
		{58D94E26-9A4A-45AD-9F5E-2FCB9B2F0EAE}.Ad-Hoc|iPhone.Build.0 = Release|Any CPU
		{58D94E26-9A4A-45AD-9F5E-2FCB9B2F0EAE}.Ad-Hoc|iPhoneSimulator.ActiveCfg = Release|Any CPU
		{58D94E26-9A4A-45AD-9F5E-2FCB9B2F0EAE}.Ad-Hoc|iPhoneSimulator.Build.0 = Release|Any CPU
		{58D94E26-9A4A-45AD-9F5E-2FCB9B2F0EAE}.Ad-Hoc|NuGet.ActiveCfg = Release|Any CPU
		{58D94E26-9A4A-45AD-9F5E-2FCB9B2F0EAE}.Ad-Hoc|NuGet.Build.0 = Release|Any CPU
		{58D94E26-9A4A-45AD-9F5E-2FCB9B2F0EAE}.Ad-Hoc|UAP.ActiveCfg = Release|Any CPU
		{58D94E26-9A4A-45AD-9F5E-2FCB9B2F0EAE}.Ad-Hoc|UAP.Build.0 = Release|Any CPU
		{58D94E26-9A4A-45AD-9F5E-2FCB9B2F0EAE}.Ad-Hoc|x64.ActiveCfg = Release|Any CPU
		{58D94E26-9A4A-45AD-9F5E-2FCB9B2F0EAE}.Ad-Hoc|x64.Build.0 = Release|Any CPU
		{58D94E26-9A4A-45AD-9F5E-2FCB9B2F0EAE}.Ad-Hoc|x86.ActiveCfg = Release|Any CPU
		{58D94E26-9A4A-45AD-9F5E-2FCB9B2F0EAE}.Ad-Hoc|x86.Build.0 = Release|Any CPU
		{58D94E26-9A4A-45AD-9F5E-2FCB9B2F0EAE}.AppStore|Android.ActiveCfg = Release|Any CPU
		{58D94E26-9A4A-45AD-9F5E-2FCB9B2F0EAE}.AppStore|Android.Build.0 = Release|Any CPU
		{58D94E26-9A4A-45AD-9F5E-2FCB9B2F0EAE}.AppStore|Any CPU.ActiveCfg = Release|Any CPU
		{58D94E26-9A4A-45AD-9F5E-2FCB9B2F0EAE}.AppStore|Any CPU.Build.0 = Release|Any CPU
		{58D94E26-9A4A-45AD-9F5E-2FCB9B2F0EAE}.AppStore|ARM.ActiveCfg = Release|Any CPU
		{58D94E26-9A4A-45AD-9F5E-2FCB9B2F0EAE}.AppStore|ARM.Build.0 = Release|Any CPU
		{58D94E26-9A4A-45AD-9F5E-2FCB9B2F0EAE}.AppStore|ARM64.ActiveCfg = Release|Any CPU
		{58D94E26-9A4A-45AD-9F5E-2FCB9B2F0EAE}.AppStore|ARM64.Build.0 = Release|Any CPU
		{58D94E26-9A4A-45AD-9F5E-2FCB9B2F0EAE}.AppStore|iOS.ActiveCfg = Release|Any CPU
		{58D94E26-9A4A-45AD-9F5E-2FCB9B2F0EAE}.AppStore|iOS.Build.0 = Release|Any CPU
		{58D94E26-9A4A-45AD-9F5E-2FCB9B2F0EAE}.AppStore|iPhone.ActiveCfg = Release|Any CPU
		{58D94E26-9A4A-45AD-9F5E-2FCB9B2F0EAE}.AppStore|iPhone.Build.0 = Release|Any CPU
		{58D94E26-9A4A-45AD-9F5E-2FCB9B2F0EAE}.AppStore|iPhoneSimulator.ActiveCfg = Release|Any CPU
		{58D94E26-9A4A-45AD-9F5E-2FCB9B2F0EAE}.AppStore|iPhoneSimulator.Build.0 = Release|Any CPU
		{58D94E26-9A4A-45AD-9F5E-2FCB9B2F0EAE}.AppStore|NuGet.ActiveCfg = Release|Any CPU
		{58D94E26-9A4A-45AD-9F5E-2FCB9B2F0EAE}.AppStore|NuGet.Build.0 = Release|Any CPU
		{58D94E26-9A4A-45AD-9F5E-2FCB9B2F0EAE}.AppStore|UAP.ActiveCfg = Release|Any CPU
		{58D94E26-9A4A-45AD-9F5E-2FCB9B2F0EAE}.AppStore|UAP.Build.0 = Release|Any CPU
		{58D94E26-9A4A-45AD-9F5E-2FCB9B2F0EAE}.AppStore|x64.ActiveCfg = Release|Any CPU
		{58D94E26-9A4A-45AD-9F5E-2FCB9B2F0EAE}.AppStore|x64.Build.0 = Release|Any CPU
		{58D94E26-9A4A-45AD-9F5E-2FCB9B2F0EAE}.AppStore|x86.ActiveCfg = Release|Any CPU
		{58D94E26-9A4A-45AD-9F5E-2FCB9B2F0EAE}.AppStore|x86.Build.0 = Release|Any CPU
		{58D94E26-9A4A-45AD-9F5E-2FCB9B2F0EAE}.Debug|Android.ActiveCfg = Debug|Any CPU
		{58D94E26-9A4A-45AD-9F5E-2FCB9B2F0EAE}.Debug|Android.Build.0 = Debug|Any CPU
		{58D94E26-9A4A-45AD-9F5E-2FCB9B2F0EAE}.Debug|Any CPU.ActiveCfg = Debug|Any CPU
		{58D94E26-9A4A-45AD-9F5E-2FCB9B2F0EAE}.Debug|Any CPU.Build.0 = Debug|Any CPU
		{58D94E26-9A4A-45AD-9F5E-2FCB9B2F0EAE}.Debug|ARM.ActiveCfg = Debug|Any CPU
		{58D94E26-9A4A-45AD-9F5E-2FCB9B2F0EAE}.Debug|ARM.Build.0 = Debug|Any CPU
		{58D94E26-9A4A-45AD-9F5E-2FCB9B2F0EAE}.Debug|ARM64.ActiveCfg = Debug|Any CPU
		{58D94E26-9A4A-45AD-9F5E-2FCB9B2F0EAE}.Debug|ARM64.Build.0 = Debug|Any CPU
		{58D94E26-9A4A-45AD-9F5E-2FCB9B2F0EAE}.Debug|iOS.ActiveCfg = Debug|Any CPU
		{58D94E26-9A4A-45AD-9F5E-2FCB9B2F0EAE}.Debug|iOS.Build.0 = Debug|Any CPU
		{58D94E26-9A4A-45AD-9F5E-2FCB9B2F0EAE}.Debug|iPhone.ActiveCfg = Debug|Any CPU
		{58D94E26-9A4A-45AD-9F5E-2FCB9B2F0EAE}.Debug|iPhone.Build.0 = Debug|Any CPU
		{58D94E26-9A4A-45AD-9F5E-2FCB9B2F0EAE}.Debug|iPhoneSimulator.ActiveCfg = Debug|Any CPU
		{58D94E26-9A4A-45AD-9F5E-2FCB9B2F0EAE}.Debug|iPhoneSimulator.Build.0 = Debug|Any CPU
		{58D94E26-9A4A-45AD-9F5E-2FCB9B2F0EAE}.Debug|NuGet.ActiveCfg = Debug|Any CPU
		{58D94E26-9A4A-45AD-9F5E-2FCB9B2F0EAE}.Debug|NuGet.Build.0 = Debug|Any CPU
		{58D94E26-9A4A-45AD-9F5E-2FCB9B2F0EAE}.Debug|UAP.ActiveCfg = Debug|Any CPU
		{58D94E26-9A4A-45AD-9F5E-2FCB9B2F0EAE}.Debug|UAP.Build.0 = Debug|Any CPU
		{58D94E26-9A4A-45AD-9F5E-2FCB9B2F0EAE}.Debug|x64.ActiveCfg = Debug|Any CPU
		{58D94E26-9A4A-45AD-9F5E-2FCB9B2F0EAE}.Debug|x64.Build.0 = Debug|Any CPU
		{58D94E26-9A4A-45AD-9F5E-2FCB9B2F0EAE}.Debug|x86.ActiveCfg = Debug|Any CPU
		{58D94E26-9A4A-45AD-9F5E-2FCB9B2F0EAE}.Debug|x86.Build.0 = Debug|Any CPU
		{58D94E26-9A4A-45AD-9F5E-2FCB9B2F0EAE}.Release|Android.ActiveCfg = Release|Any CPU
		{58D94E26-9A4A-45AD-9F5E-2FCB9B2F0EAE}.Release|Android.Build.0 = Release|Any CPU
		{58D94E26-9A4A-45AD-9F5E-2FCB9B2F0EAE}.Release|Any CPU.ActiveCfg = Release|Any CPU
		{58D94E26-9A4A-45AD-9F5E-2FCB9B2F0EAE}.Release|Any CPU.Build.0 = Release|Any CPU
		{58D94E26-9A4A-45AD-9F5E-2FCB9B2F0EAE}.Release|ARM.ActiveCfg = Release|Any CPU
		{58D94E26-9A4A-45AD-9F5E-2FCB9B2F0EAE}.Release|ARM.Build.0 = Release|Any CPU
		{58D94E26-9A4A-45AD-9F5E-2FCB9B2F0EAE}.Release|ARM64.ActiveCfg = Release|Any CPU
		{58D94E26-9A4A-45AD-9F5E-2FCB9B2F0EAE}.Release|ARM64.Build.0 = Release|Any CPU
		{58D94E26-9A4A-45AD-9F5E-2FCB9B2F0EAE}.Release|iOS.ActiveCfg = Release|Any CPU
		{58D94E26-9A4A-45AD-9F5E-2FCB9B2F0EAE}.Release|iOS.Build.0 = Release|Any CPU
		{58D94E26-9A4A-45AD-9F5E-2FCB9B2F0EAE}.Release|iPhone.ActiveCfg = Release|Any CPU
		{58D94E26-9A4A-45AD-9F5E-2FCB9B2F0EAE}.Release|iPhone.Build.0 = Release|Any CPU
		{58D94E26-9A4A-45AD-9F5E-2FCB9B2F0EAE}.Release|iPhoneSimulator.ActiveCfg = Release|Any CPU
		{58D94E26-9A4A-45AD-9F5E-2FCB9B2F0EAE}.Release|iPhoneSimulator.Build.0 = Release|Any CPU
		{58D94E26-9A4A-45AD-9F5E-2FCB9B2F0EAE}.Release|NuGet.ActiveCfg = Release|Any CPU
		{58D94E26-9A4A-45AD-9F5E-2FCB9B2F0EAE}.Release|NuGet.Build.0 = Release|Any CPU
		{58D94E26-9A4A-45AD-9F5E-2FCB9B2F0EAE}.Release|UAP.ActiveCfg = Release|Any CPU
		{58D94E26-9A4A-45AD-9F5E-2FCB9B2F0EAE}.Release|UAP.Build.0 = Release|Any CPU
		{58D94E26-9A4A-45AD-9F5E-2FCB9B2F0EAE}.Release|x64.ActiveCfg = Release|Any CPU
		{58D94E26-9A4A-45AD-9F5E-2FCB9B2F0EAE}.Release|x64.Build.0 = Release|Any CPU
		{58D94E26-9A4A-45AD-9F5E-2FCB9B2F0EAE}.Release|x86.ActiveCfg = Release|Any CPU
		{58D94E26-9A4A-45AD-9F5E-2FCB9B2F0EAE}.Release|x86.Build.0 = Release|Any CPU
		{21E02BB2-8841-4226-B06E-65A24B79C319}.Ad-Hoc|Android.ActiveCfg = Debug|Any CPU
		{21E02BB2-8841-4226-B06E-65A24B79C319}.Ad-Hoc|Android.Build.0 = Debug|Any CPU
		{21E02BB2-8841-4226-B06E-65A24B79C319}.Ad-Hoc|Android.Deploy.0 = Debug|Any CPU
		{21E02BB2-8841-4226-B06E-65A24B79C319}.Ad-Hoc|Any CPU.ActiveCfg = Debug|Any CPU
		{21E02BB2-8841-4226-B06E-65A24B79C319}.Ad-Hoc|Any CPU.Build.0 = Debug|Any CPU
		{21E02BB2-8841-4226-B06E-65A24B79C319}.Ad-Hoc|Any CPU.Deploy.0 = Debug|Any CPU
		{21E02BB2-8841-4226-B06E-65A24B79C319}.Ad-Hoc|ARM.ActiveCfg = Debug|Any CPU
		{21E02BB2-8841-4226-B06E-65A24B79C319}.Ad-Hoc|ARM.Build.0 = Debug|Any CPU
		{21E02BB2-8841-4226-B06E-65A24B79C319}.Ad-Hoc|ARM.Deploy.0 = Debug|Any CPU
		{21E02BB2-8841-4226-B06E-65A24B79C319}.Ad-Hoc|ARM64.ActiveCfg = Debug|Any CPU
		{21E02BB2-8841-4226-B06E-65A24B79C319}.Ad-Hoc|ARM64.Build.0 = Debug|Any CPU
		{21E02BB2-8841-4226-B06E-65A24B79C319}.Ad-Hoc|ARM64.Deploy.0 = Debug|Any CPU
		{21E02BB2-8841-4226-B06E-65A24B79C319}.Ad-Hoc|iOS.ActiveCfg = Debug|Any CPU
		{21E02BB2-8841-4226-B06E-65A24B79C319}.Ad-Hoc|iOS.Build.0 = Debug|Any CPU
		{21E02BB2-8841-4226-B06E-65A24B79C319}.Ad-Hoc|iOS.Deploy.0 = Debug|Any CPU
		{21E02BB2-8841-4226-B06E-65A24B79C319}.Ad-Hoc|iPhone.ActiveCfg = Debug|Any CPU
		{21E02BB2-8841-4226-B06E-65A24B79C319}.Ad-Hoc|iPhone.Build.0 = Debug|Any CPU
		{21E02BB2-8841-4226-B06E-65A24B79C319}.Ad-Hoc|iPhone.Deploy.0 = Debug|Any CPU
		{21E02BB2-8841-4226-B06E-65A24B79C319}.Ad-Hoc|iPhoneSimulator.ActiveCfg = Debug|Any CPU
		{21E02BB2-8841-4226-B06E-65A24B79C319}.Ad-Hoc|iPhoneSimulator.Build.0 = Debug|Any CPU
		{21E02BB2-8841-4226-B06E-65A24B79C319}.Ad-Hoc|iPhoneSimulator.Deploy.0 = Debug|Any CPU
		{21E02BB2-8841-4226-B06E-65A24B79C319}.Ad-Hoc|NuGet.ActiveCfg = Debug|Any CPU
		{21E02BB2-8841-4226-B06E-65A24B79C319}.Ad-Hoc|NuGet.Build.0 = Debug|Any CPU
		{21E02BB2-8841-4226-B06E-65A24B79C319}.Ad-Hoc|NuGet.Deploy.0 = Debug|Any CPU
		{21E02BB2-8841-4226-B06E-65A24B79C319}.Ad-Hoc|UAP.ActiveCfg = Debug|Any CPU
		{21E02BB2-8841-4226-B06E-65A24B79C319}.Ad-Hoc|UAP.Build.0 = Debug|Any CPU
		{21E02BB2-8841-4226-B06E-65A24B79C319}.Ad-Hoc|UAP.Deploy.0 = Debug|Any CPU
		{21E02BB2-8841-4226-B06E-65A24B79C319}.Ad-Hoc|x64.ActiveCfg = Debug|Any CPU
		{21E02BB2-8841-4226-B06E-65A24B79C319}.Ad-Hoc|x64.Build.0 = Debug|Any CPU
		{21E02BB2-8841-4226-B06E-65A24B79C319}.Ad-Hoc|x64.Deploy.0 = Debug|Any CPU
		{21E02BB2-8841-4226-B06E-65A24B79C319}.Ad-Hoc|x86.ActiveCfg = Debug|Any CPU
		{21E02BB2-8841-4226-B06E-65A24B79C319}.Ad-Hoc|x86.Build.0 = Debug|Any CPU
		{21E02BB2-8841-4226-B06E-65A24B79C319}.Ad-Hoc|x86.Deploy.0 = Debug|Any CPU
		{21E02BB2-8841-4226-B06E-65A24B79C319}.AppStore|Android.ActiveCfg = Debug|Any CPU
		{21E02BB2-8841-4226-B06E-65A24B79C319}.AppStore|Android.Build.0 = Debug|Any CPU
		{21E02BB2-8841-4226-B06E-65A24B79C319}.AppStore|Android.Deploy.0 = Debug|Any CPU
		{21E02BB2-8841-4226-B06E-65A24B79C319}.AppStore|Any CPU.ActiveCfg = Debug|Any CPU
		{21E02BB2-8841-4226-B06E-65A24B79C319}.AppStore|Any CPU.Build.0 = Debug|Any CPU
		{21E02BB2-8841-4226-B06E-65A24B79C319}.AppStore|Any CPU.Deploy.0 = Debug|Any CPU
		{21E02BB2-8841-4226-B06E-65A24B79C319}.AppStore|ARM.ActiveCfg = Debug|Any CPU
		{21E02BB2-8841-4226-B06E-65A24B79C319}.AppStore|ARM.Build.0 = Debug|Any CPU
		{21E02BB2-8841-4226-B06E-65A24B79C319}.AppStore|ARM.Deploy.0 = Debug|Any CPU
		{21E02BB2-8841-4226-B06E-65A24B79C319}.AppStore|ARM64.ActiveCfg = Debug|Any CPU
		{21E02BB2-8841-4226-B06E-65A24B79C319}.AppStore|ARM64.Build.0 = Debug|Any CPU
		{21E02BB2-8841-4226-B06E-65A24B79C319}.AppStore|ARM64.Deploy.0 = Debug|Any CPU
		{21E02BB2-8841-4226-B06E-65A24B79C319}.AppStore|iOS.ActiveCfg = Debug|Any CPU
		{21E02BB2-8841-4226-B06E-65A24B79C319}.AppStore|iOS.Build.0 = Debug|Any CPU
		{21E02BB2-8841-4226-B06E-65A24B79C319}.AppStore|iOS.Deploy.0 = Debug|Any CPU
		{21E02BB2-8841-4226-B06E-65A24B79C319}.AppStore|iPhone.ActiveCfg = Debug|Any CPU
		{21E02BB2-8841-4226-B06E-65A24B79C319}.AppStore|iPhone.Build.0 = Debug|Any CPU
		{21E02BB2-8841-4226-B06E-65A24B79C319}.AppStore|iPhone.Deploy.0 = Debug|Any CPU
		{21E02BB2-8841-4226-B06E-65A24B79C319}.AppStore|iPhoneSimulator.ActiveCfg = Debug|Any CPU
		{21E02BB2-8841-4226-B06E-65A24B79C319}.AppStore|iPhoneSimulator.Build.0 = Debug|Any CPU
		{21E02BB2-8841-4226-B06E-65A24B79C319}.AppStore|iPhoneSimulator.Deploy.0 = Debug|Any CPU
		{21E02BB2-8841-4226-B06E-65A24B79C319}.AppStore|NuGet.ActiveCfg = Debug|Any CPU
		{21E02BB2-8841-4226-B06E-65A24B79C319}.AppStore|NuGet.Build.0 = Debug|Any CPU
		{21E02BB2-8841-4226-B06E-65A24B79C319}.AppStore|NuGet.Deploy.0 = Debug|Any CPU
		{21E02BB2-8841-4226-B06E-65A24B79C319}.AppStore|UAP.ActiveCfg = Debug|Any CPU
		{21E02BB2-8841-4226-B06E-65A24B79C319}.AppStore|UAP.Build.0 = Debug|Any CPU
		{21E02BB2-8841-4226-B06E-65A24B79C319}.AppStore|UAP.Deploy.0 = Debug|Any CPU
		{21E02BB2-8841-4226-B06E-65A24B79C319}.AppStore|x64.ActiveCfg = Debug|Any CPU
		{21E02BB2-8841-4226-B06E-65A24B79C319}.AppStore|x64.Build.0 = Debug|Any CPU
		{21E02BB2-8841-4226-B06E-65A24B79C319}.AppStore|x64.Deploy.0 = Debug|Any CPU
		{21E02BB2-8841-4226-B06E-65A24B79C319}.AppStore|x86.ActiveCfg = Debug|Any CPU
		{21E02BB2-8841-4226-B06E-65A24B79C319}.AppStore|x86.Build.0 = Debug|Any CPU
		{21E02BB2-8841-4226-B06E-65A24B79C319}.AppStore|x86.Deploy.0 = Debug|Any CPU
		{21E02BB2-8841-4226-B06E-65A24B79C319}.Debug|Android.ActiveCfg = Debug|Any CPU
		{21E02BB2-8841-4226-B06E-65A24B79C319}.Debug|Android.Build.0 = Debug|Any CPU
		{21E02BB2-8841-4226-B06E-65A24B79C319}.Debug|Android.Deploy.0 = Debug|Any CPU
		{21E02BB2-8841-4226-B06E-65A24B79C319}.Debug|Any CPU.ActiveCfg = Debug|Any CPU
		{21E02BB2-8841-4226-B06E-65A24B79C319}.Debug|Any CPU.Build.0 = Debug|Any CPU
		{21E02BB2-8841-4226-B06E-65A24B79C319}.Debug|Any CPU.Deploy.0 = Debug|Any CPU
		{21E02BB2-8841-4226-B06E-65A24B79C319}.Debug|ARM.ActiveCfg = Debug|Any CPU
		{21E02BB2-8841-4226-B06E-65A24B79C319}.Debug|ARM.Build.0 = Debug|Any CPU
		{21E02BB2-8841-4226-B06E-65A24B79C319}.Debug|ARM.Deploy.0 = Debug|Any CPU
		{21E02BB2-8841-4226-B06E-65A24B79C319}.Debug|ARM64.ActiveCfg = Debug|Any CPU
		{21E02BB2-8841-4226-B06E-65A24B79C319}.Debug|ARM64.Build.0 = Debug|Any CPU
		{21E02BB2-8841-4226-B06E-65A24B79C319}.Debug|ARM64.Deploy.0 = Debug|Any CPU
		{21E02BB2-8841-4226-B06E-65A24B79C319}.Debug|iOS.ActiveCfg = Debug|Any CPU
		{21E02BB2-8841-4226-B06E-65A24B79C319}.Debug|iOS.Build.0 = Debug|Any CPU
		{21E02BB2-8841-4226-B06E-65A24B79C319}.Debug|iOS.Deploy.0 = Debug|Any CPU
		{21E02BB2-8841-4226-B06E-65A24B79C319}.Debug|iPhone.ActiveCfg = Debug|Any CPU
		{21E02BB2-8841-4226-B06E-65A24B79C319}.Debug|iPhone.Build.0 = Debug|Any CPU
		{21E02BB2-8841-4226-B06E-65A24B79C319}.Debug|iPhone.Deploy.0 = Debug|Any CPU
		{21E02BB2-8841-4226-B06E-65A24B79C319}.Debug|iPhoneSimulator.ActiveCfg = Debug|Any CPU
		{21E02BB2-8841-4226-B06E-65A24B79C319}.Debug|iPhoneSimulator.Build.0 = Debug|Any CPU
		{21E02BB2-8841-4226-B06E-65A24B79C319}.Debug|iPhoneSimulator.Deploy.0 = Debug|Any CPU
		{21E02BB2-8841-4226-B06E-65A24B79C319}.Debug|NuGet.ActiveCfg = Debug|Any CPU
		{21E02BB2-8841-4226-B06E-65A24B79C319}.Debug|NuGet.Build.0 = Debug|Any CPU
		{21E02BB2-8841-4226-B06E-65A24B79C319}.Debug|NuGet.Deploy.0 = Debug|Any CPU
		{21E02BB2-8841-4226-B06E-65A24B79C319}.Debug|UAP.ActiveCfg = Debug|Any CPU
		{21E02BB2-8841-4226-B06E-65A24B79C319}.Debug|UAP.Build.0 = Debug|Any CPU
		{21E02BB2-8841-4226-B06E-65A24B79C319}.Debug|UAP.Deploy.0 = Debug|Any CPU
		{21E02BB2-8841-4226-B06E-65A24B79C319}.Debug|x64.ActiveCfg = Debug|Any CPU
		{21E02BB2-8841-4226-B06E-65A24B79C319}.Debug|x64.Build.0 = Debug|Any CPU
		{21E02BB2-8841-4226-B06E-65A24B79C319}.Debug|x64.Deploy.0 = Debug|Any CPU
		{21E02BB2-8841-4226-B06E-65A24B79C319}.Debug|x86.ActiveCfg = Debug|Any CPU
		{21E02BB2-8841-4226-B06E-65A24B79C319}.Debug|x86.Build.0 = Debug|Any CPU
		{21E02BB2-8841-4226-B06E-65A24B79C319}.Debug|x86.Deploy.0 = Debug|Any CPU
		{21E02BB2-8841-4226-B06E-65A24B79C319}.Release|Android.ActiveCfg = Release|Any CPU
		{21E02BB2-8841-4226-B06E-65A24B79C319}.Release|Android.Build.0 = Release|Any CPU
		{21E02BB2-8841-4226-B06E-65A24B79C319}.Release|Android.Deploy.0 = Release|Any CPU
		{21E02BB2-8841-4226-B06E-65A24B79C319}.Release|Any CPU.ActiveCfg = Release|Any CPU
		{21E02BB2-8841-4226-B06E-65A24B79C319}.Release|Any CPU.Build.0 = Release|Any CPU
		{21E02BB2-8841-4226-B06E-65A24B79C319}.Release|Any CPU.Deploy.0 = Release|Any CPU
		{21E02BB2-8841-4226-B06E-65A24B79C319}.Release|ARM.ActiveCfg = Release|Any CPU
		{21E02BB2-8841-4226-B06E-65A24B79C319}.Release|ARM.Build.0 = Release|Any CPU
		{21E02BB2-8841-4226-B06E-65A24B79C319}.Release|ARM.Deploy.0 = Release|Any CPU
		{21E02BB2-8841-4226-B06E-65A24B79C319}.Release|ARM64.ActiveCfg = Release|Any CPU
		{21E02BB2-8841-4226-B06E-65A24B79C319}.Release|ARM64.Build.0 = Release|Any CPU
		{21E02BB2-8841-4226-B06E-65A24B79C319}.Release|ARM64.Deploy.0 = Release|Any CPU
		{21E02BB2-8841-4226-B06E-65A24B79C319}.Release|iOS.ActiveCfg = Release|Any CPU
		{21E02BB2-8841-4226-B06E-65A24B79C319}.Release|iOS.Build.0 = Release|Any CPU
		{21E02BB2-8841-4226-B06E-65A24B79C319}.Release|iOS.Deploy.0 = Release|Any CPU
		{21E02BB2-8841-4226-B06E-65A24B79C319}.Release|iPhone.ActiveCfg = Release|Any CPU
		{21E02BB2-8841-4226-B06E-65A24B79C319}.Release|iPhone.Build.0 = Release|Any CPU
		{21E02BB2-8841-4226-B06E-65A24B79C319}.Release|iPhone.Deploy.0 = Release|Any CPU
		{21E02BB2-8841-4226-B06E-65A24B79C319}.Release|iPhoneSimulator.ActiveCfg = Release|Any CPU
		{21E02BB2-8841-4226-B06E-65A24B79C319}.Release|iPhoneSimulator.Build.0 = Release|Any CPU
		{21E02BB2-8841-4226-B06E-65A24B79C319}.Release|iPhoneSimulator.Deploy.0 = Release|Any CPU
		{21E02BB2-8841-4226-B06E-65A24B79C319}.Release|NuGet.ActiveCfg = Release|Any CPU
		{21E02BB2-8841-4226-B06E-65A24B79C319}.Release|NuGet.Build.0 = Release|Any CPU
		{21E02BB2-8841-4226-B06E-65A24B79C319}.Release|NuGet.Deploy.0 = Release|Any CPU
		{21E02BB2-8841-4226-B06E-65A24B79C319}.Release|UAP.ActiveCfg = Release|Any CPU
		{21E02BB2-8841-4226-B06E-65A24B79C319}.Release|UAP.Build.0 = Release|Any CPU
		{21E02BB2-8841-4226-B06E-65A24B79C319}.Release|UAP.Deploy.0 = Release|Any CPU
		{21E02BB2-8841-4226-B06E-65A24B79C319}.Release|x64.ActiveCfg = Release|Any CPU
		{21E02BB2-8841-4226-B06E-65A24B79C319}.Release|x64.Build.0 = Release|Any CPU
		{21E02BB2-8841-4226-B06E-65A24B79C319}.Release|x64.Deploy.0 = Release|Any CPU
		{21E02BB2-8841-4226-B06E-65A24B79C319}.Release|x86.ActiveCfg = Release|Any CPU
		{21E02BB2-8841-4226-B06E-65A24B79C319}.Release|x86.Build.0 = Release|Any CPU
		{21E02BB2-8841-4226-B06E-65A24B79C319}.Release|x86.Deploy.0 = Release|Any CPU
		{A88ED13D-4EB2-44C8-B876-1AD35EC1E502}.Ad-Hoc|Android.ActiveCfg = Ad-Hoc|iPhoneSimulator
		{A88ED13D-4EB2-44C8-B876-1AD35EC1E502}.Ad-Hoc|Android.Build.0 = Ad-Hoc|iPhoneSimulator
		{A88ED13D-4EB2-44C8-B876-1AD35EC1E502}.Ad-Hoc|Any CPU.ActiveCfg = Ad-Hoc|iPhoneSimulator
		{A88ED13D-4EB2-44C8-B876-1AD35EC1E502}.Ad-Hoc|Any CPU.Build.0 = Ad-Hoc|iPhoneSimulator
		{A88ED13D-4EB2-44C8-B876-1AD35EC1E502}.Ad-Hoc|ARM.ActiveCfg = Ad-Hoc|iPhoneSimulator
		{A88ED13D-4EB2-44C8-B876-1AD35EC1E502}.Ad-Hoc|ARM.Build.0 = Ad-Hoc|iPhoneSimulator
		{A88ED13D-4EB2-44C8-B876-1AD35EC1E502}.Ad-Hoc|ARM64.ActiveCfg = Ad-Hoc|iPhoneSimulator
		{A88ED13D-4EB2-44C8-B876-1AD35EC1E502}.Ad-Hoc|ARM64.Build.0 = Ad-Hoc|iPhoneSimulator
		{A88ED13D-4EB2-44C8-B876-1AD35EC1E502}.Ad-Hoc|iOS.ActiveCfg = Ad-Hoc|iPhoneSimulator
		{A88ED13D-4EB2-44C8-B876-1AD35EC1E502}.Ad-Hoc|iOS.Build.0 = Ad-Hoc|iPhoneSimulator
		{A88ED13D-4EB2-44C8-B876-1AD35EC1E502}.Ad-Hoc|iPhone.ActiveCfg = Ad-Hoc|iPhone
		{A88ED13D-4EB2-44C8-B876-1AD35EC1E502}.Ad-Hoc|iPhone.Build.0 = Ad-Hoc|iPhone
		{A88ED13D-4EB2-44C8-B876-1AD35EC1E502}.Ad-Hoc|iPhoneSimulator.ActiveCfg = Ad-Hoc|iPhoneSimulator
		{A88ED13D-4EB2-44C8-B876-1AD35EC1E502}.Ad-Hoc|iPhoneSimulator.Build.0 = Ad-Hoc|iPhoneSimulator
		{A88ED13D-4EB2-44C8-B876-1AD35EC1E502}.Ad-Hoc|NuGet.ActiveCfg = Ad-Hoc|iPhoneSimulator
		{A88ED13D-4EB2-44C8-B876-1AD35EC1E502}.Ad-Hoc|NuGet.Build.0 = Ad-Hoc|iPhoneSimulator
		{A88ED13D-4EB2-44C8-B876-1AD35EC1E502}.Ad-Hoc|UAP.ActiveCfg = Ad-Hoc|iPhoneSimulator
		{A88ED13D-4EB2-44C8-B876-1AD35EC1E502}.Ad-Hoc|UAP.Build.0 = Ad-Hoc|iPhoneSimulator
		{A88ED13D-4EB2-44C8-B876-1AD35EC1E502}.Ad-Hoc|x64.ActiveCfg = Ad-Hoc|iPhoneSimulator
		{A88ED13D-4EB2-44C8-B876-1AD35EC1E502}.Ad-Hoc|x64.Build.0 = Ad-Hoc|iPhoneSimulator
		{A88ED13D-4EB2-44C8-B876-1AD35EC1E502}.Ad-Hoc|x86.ActiveCfg = Ad-Hoc|iPhoneSimulator
		{A88ED13D-4EB2-44C8-B876-1AD35EC1E502}.Ad-Hoc|x86.Build.0 = Ad-Hoc|iPhoneSimulator
		{A88ED13D-4EB2-44C8-B876-1AD35EC1E502}.AppStore|Android.ActiveCfg = AppStore|iPhoneSimulator
		{A88ED13D-4EB2-44C8-B876-1AD35EC1E502}.AppStore|Android.Build.0 = AppStore|iPhoneSimulator
		{A88ED13D-4EB2-44C8-B876-1AD35EC1E502}.AppStore|Any CPU.ActiveCfg = AppStore|iPhoneSimulator
		{A88ED13D-4EB2-44C8-B876-1AD35EC1E502}.AppStore|Any CPU.Build.0 = AppStore|iPhoneSimulator
		{A88ED13D-4EB2-44C8-B876-1AD35EC1E502}.AppStore|ARM.ActiveCfg = AppStore|iPhoneSimulator
		{A88ED13D-4EB2-44C8-B876-1AD35EC1E502}.AppStore|ARM.Build.0 = AppStore|iPhoneSimulator
		{A88ED13D-4EB2-44C8-B876-1AD35EC1E502}.AppStore|ARM64.ActiveCfg = AppStore|iPhoneSimulator
		{A88ED13D-4EB2-44C8-B876-1AD35EC1E502}.AppStore|ARM64.Build.0 = AppStore|iPhoneSimulator
		{A88ED13D-4EB2-44C8-B876-1AD35EC1E502}.AppStore|iOS.ActiveCfg = AppStore|iPhoneSimulator
		{A88ED13D-4EB2-44C8-B876-1AD35EC1E502}.AppStore|iOS.Build.0 = AppStore|iPhoneSimulator
		{A88ED13D-4EB2-44C8-B876-1AD35EC1E502}.AppStore|iPhone.ActiveCfg = AppStore|iPhone
		{A88ED13D-4EB2-44C8-B876-1AD35EC1E502}.AppStore|iPhone.Build.0 = AppStore|iPhone
		{A88ED13D-4EB2-44C8-B876-1AD35EC1E502}.AppStore|iPhoneSimulator.ActiveCfg = AppStore|iPhoneSimulator
		{A88ED13D-4EB2-44C8-B876-1AD35EC1E502}.AppStore|iPhoneSimulator.Build.0 = AppStore|iPhoneSimulator
		{A88ED13D-4EB2-44C8-B876-1AD35EC1E502}.AppStore|NuGet.ActiveCfg = AppStore|iPhoneSimulator
		{A88ED13D-4EB2-44C8-B876-1AD35EC1E502}.AppStore|NuGet.Build.0 = AppStore|iPhoneSimulator
		{A88ED13D-4EB2-44C8-B876-1AD35EC1E502}.AppStore|UAP.ActiveCfg = AppStore|iPhoneSimulator
		{A88ED13D-4EB2-44C8-B876-1AD35EC1E502}.AppStore|UAP.Build.0 = AppStore|iPhoneSimulator
		{A88ED13D-4EB2-44C8-B876-1AD35EC1E502}.AppStore|x64.ActiveCfg = AppStore|iPhoneSimulator
		{A88ED13D-4EB2-44C8-B876-1AD35EC1E502}.AppStore|x64.Build.0 = AppStore|iPhoneSimulator
		{A88ED13D-4EB2-44C8-B876-1AD35EC1E502}.AppStore|x86.ActiveCfg = AppStore|iPhoneSimulator
		{A88ED13D-4EB2-44C8-B876-1AD35EC1E502}.AppStore|x86.Build.0 = AppStore|iPhoneSimulator
		{A88ED13D-4EB2-44C8-B876-1AD35EC1E502}.Debug|Android.ActiveCfg = Debug|iPhoneSimulator
		{A88ED13D-4EB2-44C8-B876-1AD35EC1E502}.Debug|Android.Build.0 = Debug|iPhoneSimulator
		{A88ED13D-4EB2-44C8-B876-1AD35EC1E502}.Debug|Any CPU.ActiveCfg = Debug|iPhoneSimulator
		{A88ED13D-4EB2-44C8-B876-1AD35EC1E502}.Debug|Any CPU.Build.0 = Debug|iPhoneSimulator
		{A88ED13D-4EB2-44C8-B876-1AD35EC1E502}.Debug|ARM.ActiveCfg = Debug|iPhoneSimulator
		{A88ED13D-4EB2-44C8-B876-1AD35EC1E502}.Debug|ARM.Build.0 = Debug|iPhoneSimulator
		{A88ED13D-4EB2-44C8-B876-1AD35EC1E502}.Debug|ARM64.ActiveCfg = Debug|iPhoneSimulator
		{A88ED13D-4EB2-44C8-B876-1AD35EC1E502}.Debug|ARM64.Build.0 = Debug|iPhoneSimulator
		{A88ED13D-4EB2-44C8-B876-1AD35EC1E502}.Debug|iOS.ActiveCfg = Debug|iPhoneSimulator
		{A88ED13D-4EB2-44C8-B876-1AD35EC1E502}.Debug|iOS.Build.0 = Debug|iPhoneSimulator
		{A88ED13D-4EB2-44C8-B876-1AD35EC1E502}.Debug|iPhone.ActiveCfg = Debug|iPhone
		{A88ED13D-4EB2-44C8-B876-1AD35EC1E502}.Debug|iPhone.Build.0 = Debug|iPhone
		{A88ED13D-4EB2-44C8-B876-1AD35EC1E502}.Debug|iPhone.Deploy.0 = Debug|iPhone
		{A88ED13D-4EB2-44C8-B876-1AD35EC1E502}.Debug|iPhoneSimulator.ActiveCfg = Debug|iPhoneSimulator
		{A88ED13D-4EB2-44C8-B876-1AD35EC1E502}.Debug|iPhoneSimulator.Build.0 = Debug|iPhoneSimulator
		{A88ED13D-4EB2-44C8-B876-1AD35EC1E502}.Debug|NuGet.ActiveCfg = Debug|iPhoneSimulator
		{A88ED13D-4EB2-44C8-B876-1AD35EC1E502}.Debug|NuGet.Build.0 = Debug|iPhoneSimulator
		{A88ED13D-4EB2-44C8-B876-1AD35EC1E502}.Debug|UAP.ActiveCfg = Debug|iPhoneSimulator
		{A88ED13D-4EB2-44C8-B876-1AD35EC1E502}.Debug|UAP.Build.0 = Debug|iPhoneSimulator
		{A88ED13D-4EB2-44C8-B876-1AD35EC1E502}.Debug|x64.ActiveCfg = Debug|iPhoneSimulator
		{A88ED13D-4EB2-44C8-B876-1AD35EC1E502}.Debug|x64.Build.0 = Debug|iPhoneSimulator
		{A88ED13D-4EB2-44C8-B876-1AD35EC1E502}.Debug|x86.ActiveCfg = Debug|iPhoneSimulator
		{A88ED13D-4EB2-44C8-B876-1AD35EC1E502}.Debug|x86.Build.0 = Debug|iPhoneSimulator
		{A88ED13D-4EB2-44C8-B876-1AD35EC1E502}.Release|Android.ActiveCfg = Release|iPhoneSimulator
		{A88ED13D-4EB2-44C8-B876-1AD35EC1E502}.Release|Android.Build.0 = Release|iPhoneSimulator
		{A88ED13D-4EB2-44C8-B876-1AD35EC1E502}.Release|Any CPU.ActiveCfg = Release|iPhoneSimulator
		{A88ED13D-4EB2-44C8-B876-1AD35EC1E502}.Release|Any CPU.Build.0 = Release|iPhoneSimulator
		{A88ED13D-4EB2-44C8-B876-1AD35EC1E502}.Release|ARM.ActiveCfg = Release|iPhoneSimulator
		{A88ED13D-4EB2-44C8-B876-1AD35EC1E502}.Release|ARM.Build.0 = Release|iPhoneSimulator
		{A88ED13D-4EB2-44C8-B876-1AD35EC1E502}.Release|ARM64.ActiveCfg = Release|iPhoneSimulator
		{A88ED13D-4EB2-44C8-B876-1AD35EC1E502}.Release|ARM64.Build.0 = Release|iPhoneSimulator
		{A88ED13D-4EB2-44C8-B876-1AD35EC1E502}.Release|iOS.ActiveCfg = Release|iPhoneSimulator
		{A88ED13D-4EB2-44C8-B876-1AD35EC1E502}.Release|iOS.Build.0 = Release|iPhoneSimulator
		{A88ED13D-4EB2-44C8-B876-1AD35EC1E502}.Release|iPhone.ActiveCfg = Release|iPhone
		{A88ED13D-4EB2-44C8-B876-1AD35EC1E502}.Release|iPhone.Build.0 = Release|iPhone
		{A88ED13D-4EB2-44C8-B876-1AD35EC1E502}.Release|iPhoneSimulator.ActiveCfg = Release|iPhoneSimulator
		{A88ED13D-4EB2-44C8-B876-1AD35EC1E502}.Release|iPhoneSimulator.Build.0 = Release|iPhoneSimulator
		{A88ED13D-4EB2-44C8-B876-1AD35EC1E502}.Release|NuGet.ActiveCfg = Release|iPhoneSimulator
		{A88ED13D-4EB2-44C8-B876-1AD35EC1E502}.Release|NuGet.Build.0 = Release|iPhoneSimulator
		{A88ED13D-4EB2-44C8-B876-1AD35EC1E502}.Release|UAP.ActiveCfg = Release|iPhoneSimulator
		{A88ED13D-4EB2-44C8-B876-1AD35EC1E502}.Release|UAP.Build.0 = Release|iPhoneSimulator
		{A88ED13D-4EB2-44C8-B876-1AD35EC1E502}.Release|x64.ActiveCfg = Release|iPhoneSimulator
		{A88ED13D-4EB2-44C8-B876-1AD35EC1E502}.Release|x64.Build.0 = Release|iPhoneSimulator
		{A88ED13D-4EB2-44C8-B876-1AD35EC1E502}.Release|x86.ActiveCfg = Release|iPhoneSimulator
		{A88ED13D-4EB2-44C8-B876-1AD35EC1E502}.Release|x86.Build.0 = Release|iPhoneSimulator
		{34A5DBF6-31B9-4B1F-8562-9514EEFF533B}.Ad-Hoc|Android.ActiveCfg = Debug|x86
		{34A5DBF6-31B9-4B1F-8562-9514EEFF533B}.Ad-Hoc|Android.Build.0 = Debug|x86
		{34A5DBF6-31B9-4B1F-8562-9514EEFF533B}.Ad-Hoc|Android.Deploy.0 = Debug|x86
		{34A5DBF6-31B9-4B1F-8562-9514EEFF533B}.Ad-Hoc|Any CPU.ActiveCfg = Debug|x86
		{34A5DBF6-31B9-4B1F-8562-9514EEFF533B}.Ad-Hoc|Any CPU.Build.0 = Debug|x86
		{34A5DBF6-31B9-4B1F-8562-9514EEFF533B}.Ad-Hoc|Any CPU.Deploy.0 = Debug|x86
		{34A5DBF6-31B9-4B1F-8562-9514EEFF533B}.Ad-Hoc|ARM.ActiveCfg = Debug|ARM
		{34A5DBF6-31B9-4B1F-8562-9514EEFF533B}.Ad-Hoc|ARM.Build.0 = Debug|ARM
		{34A5DBF6-31B9-4B1F-8562-9514EEFF533B}.Ad-Hoc|ARM.Deploy.0 = Debug|ARM
		{34A5DBF6-31B9-4B1F-8562-9514EEFF533B}.Ad-Hoc|ARM64.ActiveCfg = Debug|ARM64
		{34A5DBF6-31B9-4B1F-8562-9514EEFF533B}.Ad-Hoc|ARM64.Build.0 = Debug|ARM64
		{34A5DBF6-31B9-4B1F-8562-9514EEFF533B}.Ad-Hoc|ARM64.Deploy.0 = Debug|ARM64
		{34A5DBF6-31B9-4B1F-8562-9514EEFF533B}.Ad-Hoc|iOS.ActiveCfg = Debug|x86
		{34A5DBF6-31B9-4B1F-8562-9514EEFF533B}.Ad-Hoc|iOS.Build.0 = Debug|x86
		{34A5DBF6-31B9-4B1F-8562-9514EEFF533B}.Ad-Hoc|iOS.Deploy.0 = Debug|x86
		{34A5DBF6-31B9-4B1F-8562-9514EEFF533B}.Ad-Hoc|iPhone.ActiveCfg = Debug|x86
		{34A5DBF6-31B9-4B1F-8562-9514EEFF533B}.Ad-Hoc|iPhone.Build.0 = Debug|x86
		{34A5DBF6-31B9-4B1F-8562-9514EEFF533B}.Ad-Hoc|iPhone.Deploy.0 = Debug|x86
		{34A5DBF6-31B9-4B1F-8562-9514EEFF533B}.Ad-Hoc|iPhoneSimulator.ActiveCfg = Debug|x86
		{34A5DBF6-31B9-4B1F-8562-9514EEFF533B}.Ad-Hoc|iPhoneSimulator.Build.0 = Debug|x86
		{34A5DBF6-31B9-4B1F-8562-9514EEFF533B}.Ad-Hoc|iPhoneSimulator.Deploy.0 = Debug|x86
		{34A5DBF6-31B9-4B1F-8562-9514EEFF533B}.Ad-Hoc|NuGet.ActiveCfg = Debug|x86
		{34A5DBF6-31B9-4B1F-8562-9514EEFF533B}.Ad-Hoc|NuGet.Build.0 = Debug|x86
		{34A5DBF6-31B9-4B1F-8562-9514EEFF533B}.Ad-Hoc|NuGet.Deploy.0 = Debug|x86
		{34A5DBF6-31B9-4B1F-8562-9514EEFF533B}.Ad-Hoc|UAP.ActiveCfg = Debug|x86
		{34A5DBF6-31B9-4B1F-8562-9514EEFF533B}.Ad-Hoc|UAP.Build.0 = Debug|x86
		{34A5DBF6-31B9-4B1F-8562-9514EEFF533B}.Ad-Hoc|UAP.Deploy.0 = Debug|x86
		{34A5DBF6-31B9-4B1F-8562-9514EEFF533B}.Ad-Hoc|x64.ActiveCfg = Debug|x64
		{34A5DBF6-31B9-4B1F-8562-9514EEFF533B}.Ad-Hoc|x64.Build.0 = Debug|x64
		{34A5DBF6-31B9-4B1F-8562-9514EEFF533B}.Ad-Hoc|x64.Deploy.0 = Debug|x64
		{34A5DBF6-31B9-4B1F-8562-9514EEFF533B}.Ad-Hoc|x86.ActiveCfg = Debug|x86
		{34A5DBF6-31B9-4B1F-8562-9514EEFF533B}.Ad-Hoc|x86.Build.0 = Debug|x86
		{34A5DBF6-31B9-4B1F-8562-9514EEFF533B}.Ad-Hoc|x86.Deploy.0 = Debug|x86
		{34A5DBF6-31B9-4B1F-8562-9514EEFF533B}.AppStore|Android.ActiveCfg = Debug|x86
		{34A5DBF6-31B9-4B1F-8562-9514EEFF533B}.AppStore|Android.Build.0 = Debug|x86
		{34A5DBF6-31B9-4B1F-8562-9514EEFF533B}.AppStore|Android.Deploy.0 = Debug|x86
		{34A5DBF6-31B9-4B1F-8562-9514EEFF533B}.AppStore|Any CPU.ActiveCfg = Debug|x86
		{34A5DBF6-31B9-4B1F-8562-9514EEFF533B}.AppStore|Any CPU.Build.0 = Debug|x86
		{34A5DBF6-31B9-4B1F-8562-9514EEFF533B}.AppStore|Any CPU.Deploy.0 = Debug|x86
		{34A5DBF6-31B9-4B1F-8562-9514EEFF533B}.AppStore|ARM.ActiveCfg = Debug|ARM
		{34A5DBF6-31B9-4B1F-8562-9514EEFF533B}.AppStore|ARM.Build.0 = Debug|ARM
		{34A5DBF6-31B9-4B1F-8562-9514EEFF533B}.AppStore|ARM.Deploy.0 = Debug|ARM
		{34A5DBF6-31B9-4B1F-8562-9514EEFF533B}.AppStore|ARM64.ActiveCfg = Debug|ARM64
		{34A5DBF6-31B9-4B1F-8562-9514EEFF533B}.AppStore|ARM64.Build.0 = Debug|ARM64
		{34A5DBF6-31B9-4B1F-8562-9514EEFF533B}.AppStore|ARM64.Deploy.0 = Debug|ARM64
		{34A5DBF6-31B9-4B1F-8562-9514EEFF533B}.AppStore|iOS.ActiveCfg = Debug|x86
		{34A5DBF6-31B9-4B1F-8562-9514EEFF533B}.AppStore|iOS.Build.0 = Debug|x86
		{34A5DBF6-31B9-4B1F-8562-9514EEFF533B}.AppStore|iOS.Deploy.0 = Debug|x86
		{34A5DBF6-31B9-4B1F-8562-9514EEFF533B}.AppStore|iPhone.ActiveCfg = Debug|x86
		{34A5DBF6-31B9-4B1F-8562-9514EEFF533B}.AppStore|iPhone.Build.0 = Debug|x86
		{34A5DBF6-31B9-4B1F-8562-9514EEFF533B}.AppStore|iPhone.Deploy.0 = Debug|x86
		{34A5DBF6-31B9-4B1F-8562-9514EEFF533B}.AppStore|iPhoneSimulator.ActiveCfg = Debug|x86
		{34A5DBF6-31B9-4B1F-8562-9514EEFF533B}.AppStore|iPhoneSimulator.Build.0 = Debug|x86
		{34A5DBF6-31B9-4B1F-8562-9514EEFF533B}.AppStore|iPhoneSimulator.Deploy.0 = Debug|x86
		{34A5DBF6-31B9-4B1F-8562-9514EEFF533B}.AppStore|NuGet.ActiveCfg = Debug|x86
		{34A5DBF6-31B9-4B1F-8562-9514EEFF533B}.AppStore|NuGet.Build.0 = Debug|x86
		{34A5DBF6-31B9-4B1F-8562-9514EEFF533B}.AppStore|NuGet.Deploy.0 = Debug|x86
		{34A5DBF6-31B9-4B1F-8562-9514EEFF533B}.AppStore|UAP.ActiveCfg = Debug|x86
		{34A5DBF6-31B9-4B1F-8562-9514EEFF533B}.AppStore|UAP.Build.0 = Debug|x86
		{34A5DBF6-31B9-4B1F-8562-9514EEFF533B}.AppStore|UAP.Deploy.0 = Debug|x86
		{34A5DBF6-31B9-4B1F-8562-9514EEFF533B}.AppStore|x64.ActiveCfg = Debug|x64
		{34A5DBF6-31B9-4B1F-8562-9514EEFF533B}.AppStore|x64.Build.0 = Debug|x64
		{34A5DBF6-31B9-4B1F-8562-9514EEFF533B}.AppStore|x64.Deploy.0 = Debug|x64
		{34A5DBF6-31B9-4B1F-8562-9514EEFF533B}.AppStore|x86.ActiveCfg = Debug|x86
		{34A5DBF6-31B9-4B1F-8562-9514EEFF533B}.AppStore|x86.Build.0 = Debug|x86
		{34A5DBF6-31B9-4B1F-8562-9514EEFF533B}.AppStore|x86.Deploy.0 = Debug|x86
		{34A5DBF6-31B9-4B1F-8562-9514EEFF533B}.Debug|Android.ActiveCfg = Debug|x64
		{34A5DBF6-31B9-4B1F-8562-9514EEFF533B}.Debug|Android.Build.0 = Debug|x64
		{34A5DBF6-31B9-4B1F-8562-9514EEFF533B}.Debug|Android.Deploy.0 = Debug|x64
		{34A5DBF6-31B9-4B1F-8562-9514EEFF533B}.Debug|Any CPU.ActiveCfg = Debug|x64
		{34A5DBF6-31B9-4B1F-8562-9514EEFF533B}.Debug|Any CPU.Build.0 = Debug|x64
		{34A5DBF6-31B9-4B1F-8562-9514EEFF533B}.Debug|Any CPU.Deploy.0 = Debug|x64
		{34A5DBF6-31B9-4B1F-8562-9514EEFF533B}.Debug|ARM.ActiveCfg = Debug|ARM
		{34A5DBF6-31B9-4B1F-8562-9514EEFF533B}.Debug|ARM.Build.0 = Debug|ARM
		{34A5DBF6-31B9-4B1F-8562-9514EEFF533B}.Debug|ARM.Deploy.0 = Debug|ARM
		{34A5DBF6-31B9-4B1F-8562-9514EEFF533B}.Debug|ARM64.ActiveCfg = Debug|ARM64
		{34A5DBF6-31B9-4B1F-8562-9514EEFF533B}.Debug|ARM64.Build.0 = Debug|ARM64
		{34A5DBF6-31B9-4B1F-8562-9514EEFF533B}.Debug|ARM64.Deploy.0 = Debug|ARM64
		{34A5DBF6-31B9-4B1F-8562-9514EEFF533B}.Debug|iOS.ActiveCfg = Debug|x64
		{34A5DBF6-31B9-4B1F-8562-9514EEFF533B}.Debug|iOS.Build.0 = Debug|x64
		{34A5DBF6-31B9-4B1F-8562-9514EEFF533B}.Debug|iOS.Deploy.0 = Debug|x64
		{34A5DBF6-31B9-4B1F-8562-9514EEFF533B}.Debug|iPhone.ActiveCfg = Debug|x64
		{34A5DBF6-31B9-4B1F-8562-9514EEFF533B}.Debug|iPhone.Build.0 = Debug|x64
		{34A5DBF6-31B9-4B1F-8562-9514EEFF533B}.Debug|iPhone.Deploy.0 = Debug|x64
		{34A5DBF6-31B9-4B1F-8562-9514EEFF533B}.Debug|iPhoneSimulator.ActiveCfg = Debug|x64
		{34A5DBF6-31B9-4B1F-8562-9514EEFF533B}.Debug|iPhoneSimulator.Build.0 = Debug|x64
		{34A5DBF6-31B9-4B1F-8562-9514EEFF533B}.Debug|iPhoneSimulator.Deploy.0 = Debug|x64
		{34A5DBF6-31B9-4B1F-8562-9514EEFF533B}.Debug|NuGet.ActiveCfg = Debug|x64
		{34A5DBF6-31B9-4B1F-8562-9514EEFF533B}.Debug|NuGet.Build.0 = Debug|x64
		{34A5DBF6-31B9-4B1F-8562-9514EEFF533B}.Debug|NuGet.Deploy.0 = Debug|x64
		{34A5DBF6-31B9-4B1F-8562-9514EEFF533B}.Debug|UAP.ActiveCfg = Debug|x64
		{34A5DBF6-31B9-4B1F-8562-9514EEFF533B}.Debug|UAP.Build.0 = Debug|x64
		{34A5DBF6-31B9-4B1F-8562-9514EEFF533B}.Debug|UAP.Deploy.0 = Debug|x64
		{34A5DBF6-31B9-4B1F-8562-9514EEFF533B}.Debug|x64.ActiveCfg = Debug|x64
		{34A5DBF6-31B9-4B1F-8562-9514EEFF533B}.Debug|x64.Build.0 = Debug|x64
		{34A5DBF6-31B9-4B1F-8562-9514EEFF533B}.Debug|x64.Deploy.0 = Debug|x64
		{34A5DBF6-31B9-4B1F-8562-9514EEFF533B}.Debug|x86.ActiveCfg = Debug|x86
		{34A5DBF6-31B9-4B1F-8562-9514EEFF533B}.Debug|x86.Build.0 = Debug|x86
		{34A5DBF6-31B9-4B1F-8562-9514EEFF533B}.Debug|x86.Deploy.0 = Debug|x86
		{34A5DBF6-31B9-4B1F-8562-9514EEFF533B}.Release|Android.ActiveCfg = Release|x64
		{34A5DBF6-31B9-4B1F-8562-9514EEFF533B}.Release|Android.Build.0 = Release|x64
		{34A5DBF6-31B9-4B1F-8562-9514EEFF533B}.Release|Android.Deploy.0 = Release|x64
		{34A5DBF6-31B9-4B1F-8562-9514EEFF533B}.Release|Any CPU.ActiveCfg = Release|x64
		{34A5DBF6-31B9-4B1F-8562-9514EEFF533B}.Release|Any CPU.Build.0 = Release|x64
		{34A5DBF6-31B9-4B1F-8562-9514EEFF533B}.Release|Any CPU.Deploy.0 = Release|x64
		{34A5DBF6-31B9-4B1F-8562-9514EEFF533B}.Release|ARM.ActiveCfg = Release|ARM
		{34A5DBF6-31B9-4B1F-8562-9514EEFF533B}.Release|ARM.Build.0 = Release|ARM
		{34A5DBF6-31B9-4B1F-8562-9514EEFF533B}.Release|ARM.Deploy.0 = Release|ARM
		{34A5DBF6-31B9-4B1F-8562-9514EEFF533B}.Release|ARM64.ActiveCfg = Release|ARM64
		{34A5DBF6-31B9-4B1F-8562-9514EEFF533B}.Release|ARM64.Build.0 = Release|ARM64
		{34A5DBF6-31B9-4B1F-8562-9514EEFF533B}.Release|ARM64.Deploy.0 = Release|ARM64
		{34A5DBF6-31B9-4B1F-8562-9514EEFF533B}.Release|iOS.ActiveCfg = Release|x64
		{34A5DBF6-31B9-4B1F-8562-9514EEFF533B}.Release|iOS.Build.0 = Release|x64
		{34A5DBF6-31B9-4B1F-8562-9514EEFF533B}.Release|iOS.Deploy.0 = Release|x64
		{34A5DBF6-31B9-4B1F-8562-9514EEFF533B}.Release|iPhone.ActiveCfg = Release|x64
		{34A5DBF6-31B9-4B1F-8562-9514EEFF533B}.Release|iPhone.Build.0 = Release|x64
		{34A5DBF6-31B9-4B1F-8562-9514EEFF533B}.Release|iPhone.Deploy.0 = Release|x64
		{34A5DBF6-31B9-4B1F-8562-9514EEFF533B}.Release|iPhoneSimulator.ActiveCfg = Release|x64
		{34A5DBF6-31B9-4B1F-8562-9514EEFF533B}.Release|iPhoneSimulator.Build.0 = Release|x64
		{34A5DBF6-31B9-4B1F-8562-9514EEFF533B}.Release|iPhoneSimulator.Deploy.0 = Release|x64
		{34A5DBF6-31B9-4B1F-8562-9514EEFF533B}.Release|NuGet.ActiveCfg = Release|x64
		{34A5DBF6-31B9-4B1F-8562-9514EEFF533B}.Release|NuGet.Build.0 = Release|x64
		{34A5DBF6-31B9-4B1F-8562-9514EEFF533B}.Release|NuGet.Deploy.0 = Release|x64
		{34A5DBF6-31B9-4B1F-8562-9514EEFF533B}.Release|UAP.ActiveCfg = Release|x64
		{34A5DBF6-31B9-4B1F-8562-9514EEFF533B}.Release|UAP.Build.0 = Release|x64
		{34A5DBF6-31B9-4B1F-8562-9514EEFF533B}.Release|UAP.Deploy.0 = Release|x64
		{34A5DBF6-31B9-4B1F-8562-9514EEFF533B}.Release|x64.ActiveCfg = Release|x64
		{34A5DBF6-31B9-4B1F-8562-9514EEFF533B}.Release|x64.Build.0 = Release|x64
		{34A5DBF6-31B9-4B1F-8562-9514EEFF533B}.Release|x64.Deploy.0 = Release|x64
		{34A5DBF6-31B9-4B1F-8562-9514EEFF533B}.Release|x86.ActiveCfg = Release|x86
		{34A5DBF6-31B9-4B1F-8562-9514EEFF533B}.Release|x86.Build.0 = Release|x86
		{34A5DBF6-31B9-4B1F-8562-9514EEFF533B}.Release|x86.Deploy.0 = Release|x86
	EndGlobalSection
	GlobalSection(SolutionProperties) = preSolution
		HideSolutionNode = FALSE
	EndGlobalSection
	GlobalSection(NestedProjects) = preSolution
		{6279C845-92F8-4333-AB99-3D213163593C} = {FD058962-1F0C-422E-B02A-0A46444FA225}
		{86C58152-7352-4028-9367-F76E3CF8AB95} = {FD058962-1F0C-422E-B02A-0A46444FA225}
		{21E02BB2-8841-4226-B06E-65A24B79C319} = {86C58152-7352-4028-9367-F76E3CF8AB95}
		{A88ED13D-4EB2-44C8-B876-1AD35EC1E502} = {86C58152-7352-4028-9367-F76E3CF8AB95}
		{34A5DBF6-31B9-4B1F-8562-9514EEFF533B} = {86C58152-7352-4028-9367-F76E3CF8AB95}
	EndGlobalSection
	GlobalSection(ExtensibilityGlobals) = postSolution
		SolutionGuid = {5BA7DD68-E008-4F53-8F51-83D42D3877B9}
	EndGlobalSection
	GlobalSection(SharedMSBuildProjectFiles) = preSolution
		View.Uno.Sample\View.Uno.Sample.Shared\View.Uno.Sample.Shared.projitems*{21e02bb2-8841-4226-b06e-65a24b79c319}*SharedItemsImports = 4
		View.Uno.Sample\View.Uno.Sample.Shared\View.Uno.Sample.Shared.projitems*{34a5dbf6-31b9-4b1f-8562-9514eeff533b}*SharedItemsImports = 4
		src\View.Shared\View.Shared.projitems*{56dc53ab-cd82-4c07-ae15-295848e83f14}*SharedItemsImports = 13
		src\View.Shared\View.Shared.projitems*{58d94e26-9a4a-45ad-9f5e-2fcb9b2f0eae}*SharedItemsImports = 5
		View.Uno.Sample\View.Uno.Sample.Shared\View.Uno.Sample.Shared.projitems*{6279c845-92f8-4333-ab99-3d213163593c}*SharedItemsImports = 13
		View.Uno.Sample\View.Uno.Sample.Shared\View.Uno.Sample.Shared.projitems*{a88ed13d-4eb2-44c8-b876-1ad35ec1e502}*SharedItemsImports = 4
	EndGlobalSection
EndGlobal
