
Microsoft Visual Studio Solution File, Format Version 12.00
# Visual Studio Version 17
VisualStudioVersion = 17.1.32328.378
MinimumVisualStudioVersion = 10.0.40219.1
Project("{2150E333-8FDC-42A3-9474-1A3956D46DE8}") = "Sample", "Sample", "{FD058962-1F0C-422E-B02A-0A46444FA225}"
EndProject
Project("{9A19103F-16F7-4668-BE54-9A1E7A4F7556}") = "View.Uno.WinUI", "src\View.Uno.WinUI\View.Uno.WinUI.csproj", "{4DDAB2D8-B610-4FAC-963E-E90EB18947B2}"
EndProject
Project("{D954291E-2A0B-460D-934E-DC6B0785DB48}") = "View.Uno.Shared", "src\View.Uno.Shared\View.Uno.Shared.shproj", "{EAD97829-803E-4A38-AC6E-90E9A6100715}"
EndProject
Project("{D954291E-2A0B-460D-934E-DC6B0785DB48}") = "View.Uno.Sample.Shared", "src\View.Uno.Sample\View.Uno.Sample.Shared\View.Uno.Sample.Shared.shproj", "{6279C845-92F8-4333-AB99-3D213163593C}"
EndProject
Project("{2150E333-8FDC-42A3-9474-1A3956D46DE8}") = "Library", "Library", "{FEF47F84-F1E9-4614-BE34-4760890052F9}"
EndProject
Project("{9A19103F-16F7-4668-BE54-9A1E7A4F7556}") = "View.Uno.Sample.WinUI", "src\View.Uno.Sample\View.Uno.Sample.Windows\View.Uno.Sample.WinUI.csproj", "{5EE676CD-3A59-4958-961E-33413BD82902}"
EndProject
Project("{9A19103F-16F7-4668-BE54-9A1E7A4F7556}") = "View.Uno.Sample.Mobile", "src\View.Uno.Sample\View.Uno.Sample.Mobile\View.Uno.Sample.Mobile.csproj", "{B086D4DB-F680-4775-A1E1-E7844D1EFC9E}"
EndProject
Global
	GlobalSection(SolutionConfigurationPlatforms) = preSolution
		Ad-Hoc|Android = Ad-Hoc|Android
		Ad-Hoc|Any CPU = Ad-Hoc|Any CPU
		Ad-Hoc|ARM = Ad-Hoc|ARM
		Ad-Hoc|ARM64 = Ad-Hoc|ARM64
		Ad-Hoc|iOS = Ad-Hoc|iOS
		Ad-Hoc|iPhone = Ad-Hoc|iPhone
		Ad-Hoc|iPhoneSimulator = Ad-Hoc|iPhoneSimulator
		Ad-Hoc|NuGet = Ad-Hoc|NuGet
		Ad-Hoc|UAP = Ad-Hoc|UAP
		Ad-Hoc|x64 = Ad-Hoc|x64
		Ad-Hoc|x86 = Ad-Hoc|x86
		AppStore|Android = AppStore|Android
		AppStore|Any CPU = AppStore|Any CPU
		AppStore|ARM = AppStore|ARM
		AppStore|ARM64 = AppStore|ARM64
		AppStore|iOS = AppStore|iOS
		AppStore|iPhone = AppStore|iPhone
		AppStore|iPhoneSimulator = AppStore|iPhoneSimulator
		AppStore|NuGet = AppStore|NuGet
		AppStore|UAP = AppStore|UAP
		AppStore|x64 = AppStore|x64
		AppStore|x86 = AppStore|x86
		Debug|Android = Debug|Android
		Debug|Any CPU = Debug|Any CPU
		Debug|ARM = Debug|ARM
		Debug|ARM64 = Debug|ARM64
		Debug|iOS = Debug|iOS
		Debug|iPhone = Debug|iPhone
		Debug|iPhoneSimulator = Debug|iPhoneSimulator
		Debug|NuGet = Debug|NuGet
		Debug|UAP = Debug|UAP
		Debug|x64 = Debug|x64
		Debug|x86 = Debug|x86
		Release|Android = Release|Android
		Release|Any CPU = Release|Any CPU
		Release|ARM = Release|ARM
		Release|ARM64 = Release|ARM64
		Release|iOS = Release|iOS
		Release|iPhone = Release|iPhone
		Release|iPhoneSimulator = Release|iPhoneSimulator
		Release|NuGet = Release|NuGet
		Release|UAP = Release|UAP
		Release|x64 = Release|x64
		Release|x86 = Release|x86
	EndGlobalSection
	GlobalSection(ProjectConfigurationPlatforms) = postSolution
		{4DDAB2D8-B610-4FAC-963E-E90EB18947B2}.Ad-Hoc|Android.ActiveCfg = Debug|Any CPU
		{4DDAB2D8-B610-4FAC-963E-E90EB18947B2}.Ad-Hoc|Android.Build.0 = Debug|Any CPU
		{4DDAB2D8-B610-4FAC-963E-E90EB18947B2}.Ad-Hoc|Any CPU.ActiveCfg = Release|Any CPU
		{4DDAB2D8-B610-4FAC-963E-E90EB18947B2}.Ad-Hoc|Any CPU.Build.0 = Release|Any CPU
		{4DDAB2D8-B610-4FAC-963E-E90EB18947B2}.Ad-Hoc|ARM.ActiveCfg = Debug|Any CPU
		{4DDAB2D8-B610-4FAC-963E-E90EB18947B2}.Ad-Hoc|ARM.Build.0 = Debug|Any CPU
		{4DDAB2D8-B610-4FAC-963E-E90EB18947B2}.Ad-Hoc|ARM64.ActiveCfg = Debug|Any CPU
		{4DDAB2D8-B610-4FAC-963E-E90EB18947B2}.Ad-Hoc|ARM64.Build.0 = Debug|Any CPU
		{4DDAB2D8-B610-4FAC-963E-E90EB18947B2}.Ad-Hoc|iOS.ActiveCfg = Debug|Any CPU
		{4DDAB2D8-B610-4FAC-963E-E90EB18947B2}.Ad-Hoc|iOS.Build.0 = Debug|Any CPU
		{4DDAB2D8-B610-4FAC-963E-E90EB18947B2}.Ad-Hoc|iPhone.ActiveCfg = Debug|Any CPU
		{4DDAB2D8-B610-4FAC-963E-E90EB18947B2}.Ad-Hoc|iPhone.Build.0 = Debug|Any CPU
		{4DDAB2D8-B610-4FAC-963E-E90EB18947B2}.Ad-Hoc|iPhoneSimulator.ActiveCfg = Debug|Any CPU
		{4DDAB2D8-B610-4FAC-963E-E90EB18947B2}.Ad-Hoc|iPhoneSimulator.Build.0 = Debug|Any CPU
		{4DDAB2D8-B610-4FAC-963E-E90EB18947B2}.Ad-Hoc|NuGet.ActiveCfg = Debug|Any CPU
		{4DDAB2D8-B610-4FAC-963E-E90EB18947B2}.Ad-Hoc|NuGet.Build.0 = Debug|Any CPU
		{4DDAB2D8-B610-4FAC-963E-E90EB18947B2}.Ad-Hoc|UAP.ActiveCfg = Debug|Any CPU
		{4DDAB2D8-B610-4FAC-963E-E90EB18947B2}.Ad-Hoc|UAP.Build.0 = Debug|Any CPU
		{4DDAB2D8-B610-4FAC-963E-E90EB18947B2}.Ad-Hoc|x64.ActiveCfg = Debug|Any CPU
		{4DDAB2D8-B610-4FAC-963E-E90EB18947B2}.Ad-Hoc|x64.Build.0 = Debug|Any CPU
		{4DDAB2D8-B610-4FAC-963E-E90EB18947B2}.Ad-Hoc|x86.ActiveCfg = Debug|Any CPU
		{4DDAB2D8-B610-4FAC-963E-E90EB18947B2}.Ad-Hoc|x86.Build.0 = Debug|Any CPU
		{4DDAB2D8-B610-4FAC-963E-E90EB18947B2}.AppStore|Android.ActiveCfg = Debug|Any CPU
		{4DDAB2D8-B610-4FAC-963E-E90EB18947B2}.AppStore|Android.Build.0 = Debug|Any CPU
		{4DDAB2D8-B610-4FAC-963E-E90EB18947B2}.AppStore|Any CPU.ActiveCfg = Release|Any CPU
		{4DDAB2D8-B610-4FAC-963E-E90EB18947B2}.AppStore|Any CPU.Build.0 = Release|Any CPU
		{4DDAB2D8-B610-4FAC-963E-E90EB18947B2}.AppStore|ARM.ActiveCfg = Debug|Any CPU
		{4DDAB2D8-B610-4FAC-963E-E90EB18947B2}.AppStore|ARM.Build.0 = Debug|Any CPU
		{4DDAB2D8-B610-4FAC-963E-E90EB18947B2}.AppStore|ARM64.ActiveCfg = Debug|Any CPU
		{4DDAB2D8-B610-4FAC-963E-E90EB18947B2}.AppStore|ARM64.Build.0 = Debug|Any CPU
		{4DDAB2D8-B610-4FAC-963E-E90EB18947B2}.AppStore|iOS.ActiveCfg = Debug|Any CPU
		{4DDAB2D8-B610-4FAC-963E-E90EB18947B2}.AppStore|iOS.Build.0 = Debug|Any CPU
		{4DDAB2D8-B610-4FAC-963E-E90EB18947B2}.AppStore|iPhone.ActiveCfg = Debug|Any CPU
		{4DDAB2D8-B610-4FAC-963E-E90EB18947B2}.AppStore|iPhone.Build.0 = Debug|Any CPU
		{4DDAB2D8-B610-4FAC-963E-E90EB18947B2}.AppStore|iPhoneSimulator.ActiveCfg = Debug|Any CPU
		{4DDAB2D8-B610-4FAC-963E-E90EB18947B2}.AppStore|iPhoneSimulator.Build.0 = Debug|Any CPU
		{4DDAB2D8-B610-4FAC-963E-E90EB18947B2}.AppStore|NuGet.ActiveCfg = Debug|Any CPU
		{4DDAB2D8-B610-4FAC-963E-E90EB18947B2}.AppStore|NuGet.Build.0 = Debug|Any CPU
		{4DDAB2D8-B610-4FAC-963E-E90EB18947B2}.AppStore|UAP.ActiveCfg = Debug|Any CPU
		{4DDAB2D8-B610-4FAC-963E-E90EB18947B2}.AppStore|UAP.Build.0 = Debug|Any CPU
		{4DDAB2D8-B610-4FAC-963E-E90EB18947B2}.AppStore|x64.ActiveCfg = Debug|Any CPU
		{4DDAB2D8-B610-4FAC-963E-E90EB18947B2}.AppStore|x64.Build.0 = Debug|Any CPU
		{4DDAB2D8-B610-4FAC-963E-E90EB18947B2}.AppStore|x86.ActiveCfg = Debug|Any CPU
		{4DDAB2D8-B610-4FAC-963E-E90EB18947B2}.AppStore|x86.Build.0 = Debug|Any CPU
		{4DDAB2D8-B610-4FAC-963E-E90EB18947B2}.Debug|Android.ActiveCfg = Debug|Any CPU
		{4DDAB2D8-B610-4FAC-963E-E90EB18947B2}.Debug|Android.Build.0 = Debug|Any CPU
		{4DDAB2D8-B610-4FAC-963E-E90EB18947B2}.Debug|Any CPU.ActiveCfg = Debug|Any CPU
		{4DDAB2D8-B610-4FAC-963E-E90EB18947B2}.Debug|Any CPU.Build.0 = Debug|Any CPU
		{4DDAB2D8-B610-4FAC-963E-E90EB18947B2}.Debug|ARM.ActiveCfg = Debug|Any CPU
		{4DDAB2D8-B610-4FAC-963E-E90EB18947B2}.Debug|ARM.Build.0 = Debug|Any CPU
		{4DDAB2D8-B610-4FAC-963E-E90EB18947B2}.Debug|ARM64.ActiveCfg = Debug|Any CPU
		{4DDAB2D8-B610-4FAC-963E-E90EB18947B2}.Debug|ARM64.Build.0 = Debug|Any CPU
		{4DDAB2D8-B610-4FAC-963E-E90EB18947B2}.Debug|iOS.ActiveCfg = Debug|Any CPU
		{4DDAB2D8-B610-4FAC-963E-E90EB18947B2}.Debug|iOS.Build.0 = Debug|Any CPU
		{4DDAB2D8-B610-4FAC-963E-E90EB18947B2}.Debug|iPhone.ActiveCfg = Debug|Any CPU
		{4DDAB2D8-B610-4FAC-963E-E90EB18947B2}.Debug|iPhone.Build.0 = Debug|Any CPU
		{4DDAB2D8-B610-4FAC-963E-E90EB18947B2}.Debug|iPhoneSimulator.ActiveCfg = Debug|Any CPU
		{4DDAB2D8-B610-4FAC-963E-E90EB18947B2}.Debug|iPhoneSimulator.Build.0 = Debug|Any CPU
		{4DDAB2D8-B610-4FAC-963E-E90EB18947B2}.Debug|NuGet.ActiveCfg = Debug|Any CPU
		{4DDAB2D8-B610-4FAC-963E-E90EB18947B2}.Debug|NuGet.Build.0 = Debug|Any CPU
		{4DDAB2D8-B610-4FAC-963E-E90EB18947B2}.Debug|UAP.ActiveCfg = Debug|Any CPU
		{4DDAB2D8-B610-4FAC-963E-E90EB18947B2}.Debug|UAP.Build.0 = Debug|Any CPU
		{4DDAB2D8-B610-4FAC-963E-E90EB18947B2}.Debug|x64.ActiveCfg = Debug|Any CPU
		{4DDAB2D8-B610-4FAC-963E-E90EB18947B2}.Debug|x64.Build.0 = Debug|Any CPU
		{4DDAB2D8-B610-4FAC-963E-E90EB18947B2}.Debug|x86.ActiveCfg = Debug|Any CPU
		{4DDAB2D8-B610-4FAC-963E-E90EB18947B2}.Debug|x86.Build.0 = Debug|Any CPU
		{4DDAB2D8-B610-4FAC-963E-E90EB18947B2}.Release|Android.ActiveCfg = Release|Any CPU
		{4DDAB2D8-B610-4FAC-963E-E90EB18947B2}.Release|Android.Build.0 = Release|Any CPU
		{4DDAB2D8-B610-4FAC-963E-E90EB18947B2}.Release|Any CPU.ActiveCfg = Release|Any CPU
		{4DDAB2D8-B610-4FAC-963E-E90EB18947B2}.Release|Any CPU.Build.0 = Release|Any CPU
		{4DDAB2D8-B610-4FAC-963E-E90EB18947B2}.Release|ARM.ActiveCfg = Release|Any CPU
		{4DDAB2D8-B610-4FAC-963E-E90EB18947B2}.Release|ARM.Build.0 = Release|Any CPU
		{4DDAB2D8-B610-4FAC-963E-E90EB18947B2}.Release|ARM64.ActiveCfg = Release|Any CPU
		{4DDAB2D8-B610-4FAC-963E-E90EB18947B2}.Release|ARM64.Build.0 = Release|Any CPU
		{4DDAB2D8-B610-4FAC-963E-E90EB18947B2}.Release|iOS.ActiveCfg = Release|Any CPU
		{4DDAB2D8-B610-4FAC-963E-E90EB18947B2}.Release|iOS.Build.0 = Release|Any CPU
		{4DDAB2D8-B610-4FAC-963E-E90EB18947B2}.Release|iPhone.ActiveCfg = Release|Any CPU
		{4DDAB2D8-B610-4FAC-963E-E90EB18947B2}.Release|iPhone.Build.0 = Release|Any CPU
		{4DDAB2D8-B610-4FAC-963E-E90EB18947B2}.Release|iPhoneSimulator.ActiveCfg = Release|Any CPU
		{4DDAB2D8-B610-4FAC-963E-E90EB18947B2}.Release|iPhoneSimulator.Build.0 = Release|Any CPU
		{4DDAB2D8-B610-4FAC-963E-E90EB18947B2}.Release|NuGet.ActiveCfg = Release|Any CPU
		{4DDAB2D8-B610-4FAC-963E-E90EB18947B2}.Release|NuGet.Build.0 = Release|Any CPU
		{4DDAB2D8-B610-4FAC-963E-E90EB18947B2}.Release|UAP.ActiveCfg = Release|Any CPU
		{4DDAB2D8-B610-4FAC-963E-E90EB18947B2}.Release|UAP.Build.0 = Release|Any CPU
		{4DDAB2D8-B610-4FAC-963E-E90EB18947B2}.Release|x64.ActiveCfg = Release|Any CPU
		{4DDAB2D8-B610-4FAC-963E-E90EB18947B2}.Release|x64.Build.0 = Release|Any CPU
		{4DDAB2D8-B610-4FAC-963E-E90EB18947B2}.Release|x86.ActiveCfg = Release|Any CPU
		{4DDAB2D8-B610-4FAC-963E-E90EB18947B2}.Release|x86.Build.0 = Release|Any CPU
		{5EE676CD-3A59-4958-961E-33413BD82902}.Ad-Hoc|Android.ActiveCfg = Debug|x64
		{5EE676CD-3A59-4958-961E-33413BD82902}.Ad-Hoc|Android.Build.0 = Debug|x64
		{5EE676CD-3A59-4958-961E-33413BD82902}.Ad-Hoc|Android.Deploy.0 = Debug|x64
		{5EE676CD-3A59-4958-961E-33413BD82902}.Ad-Hoc|Any CPU.ActiveCfg = Debug|x64
		{5EE676CD-3A59-4958-961E-33413BD82902}.Ad-Hoc|Any CPU.Build.0 = Debug|x64
		{5EE676CD-3A59-4958-961E-33413BD82902}.Ad-Hoc|Any CPU.Deploy.0 = Debug|x64
		{5EE676CD-3A59-4958-961E-33413BD82902}.Ad-Hoc|ARM.ActiveCfg = Debug|x64
		{5EE676CD-3A59-4958-961E-33413BD82902}.Ad-Hoc|ARM.Build.0 = Debug|x64
		{5EE676CD-3A59-4958-961E-33413BD82902}.Ad-Hoc|ARM.Deploy.0 = Debug|x64
		{5EE676CD-3A59-4958-961E-33413BD82902}.Ad-Hoc|ARM64.ActiveCfg = Debug|arm64
		{5EE676CD-3A59-4958-961E-33413BD82902}.Ad-Hoc|ARM64.Build.0 = Debug|arm64
		{5EE676CD-3A59-4958-961E-33413BD82902}.Ad-Hoc|ARM64.Deploy.0 = Debug|arm64
		{5EE676CD-3A59-4958-961E-33413BD82902}.Ad-Hoc|iOS.ActiveCfg = Debug|x64
		{5EE676CD-3A59-4958-961E-33413BD82902}.Ad-Hoc|iOS.Build.0 = Debug|x64
		{5EE676CD-3A59-4958-961E-33413BD82902}.Ad-Hoc|iOS.Deploy.0 = Debug|x64
		{5EE676CD-3A59-4958-961E-33413BD82902}.Ad-Hoc|iPhone.ActiveCfg = Debug|x64
		{5EE676CD-3A59-4958-961E-33413BD82902}.Ad-Hoc|iPhone.Build.0 = Debug|x64
		{5EE676CD-3A59-4958-961E-33413BD82902}.Ad-Hoc|iPhone.Deploy.0 = Debug|x64
		{5EE676CD-3A59-4958-961E-33413BD82902}.Ad-Hoc|iPhoneSimulator.ActiveCfg = Debug|x64
		{5EE676CD-3A59-4958-961E-33413BD82902}.Ad-Hoc|iPhoneSimulator.Build.0 = Debug|x64
		{5EE676CD-3A59-4958-961E-33413BD82902}.Ad-Hoc|iPhoneSimulator.Deploy.0 = Debug|x64
		{5EE676CD-3A59-4958-961E-33413BD82902}.Ad-Hoc|NuGet.ActiveCfg = Debug|x64
		{5EE676CD-3A59-4958-961E-33413BD82902}.Ad-Hoc|NuGet.Build.0 = Debug|x64
		{5EE676CD-3A59-4958-961E-33413BD82902}.Ad-Hoc|NuGet.Deploy.0 = Debug|x64
		{5EE676CD-3A59-4958-961E-33413BD82902}.Ad-Hoc|UAP.ActiveCfg = Debug|x64
		{5EE676CD-3A59-4958-961E-33413BD82902}.Ad-Hoc|UAP.Build.0 = Debug|x64
		{5EE676CD-3A59-4958-961E-33413BD82902}.Ad-Hoc|UAP.Deploy.0 = Debug|x64
		{5EE676CD-3A59-4958-961E-33413BD82902}.Ad-Hoc|x64.ActiveCfg = Debug|x64
		{5EE676CD-3A59-4958-961E-33413BD82902}.Ad-Hoc|x64.Build.0 = Debug|x64
		{5EE676CD-3A59-4958-961E-33413BD82902}.Ad-Hoc|x64.Deploy.0 = Debug|x64
		{5EE676CD-3A59-4958-961E-33413BD82902}.Ad-Hoc|x86.ActiveCfg = Debug|x86
		{5EE676CD-3A59-4958-961E-33413BD82902}.Ad-Hoc|x86.Build.0 = Debug|x86
		{5EE676CD-3A59-4958-961E-33413BD82902}.Ad-Hoc|x86.Deploy.0 = Debug|x86
		{5EE676CD-3A59-4958-961E-33413BD82902}.AppStore|Android.ActiveCfg = Debug|x64
		{5EE676CD-3A59-4958-961E-33413BD82902}.AppStore|Android.Build.0 = Debug|x64
		{5EE676CD-3A59-4958-961E-33413BD82902}.AppStore|Android.Deploy.0 = Debug|x64
		{5EE676CD-3A59-4958-961E-33413BD82902}.AppStore|Any CPU.ActiveCfg = Debug|x64
		{5EE676CD-3A59-4958-961E-33413BD82902}.AppStore|Any CPU.Build.0 = Debug|x64
		{5EE676CD-3A59-4958-961E-33413BD82902}.AppStore|Any CPU.Deploy.0 = Debug|x64
		{5EE676CD-3A59-4958-961E-33413BD82902}.AppStore|ARM.ActiveCfg = Debug|x64
		{5EE676CD-3A59-4958-961E-33413BD82902}.AppStore|ARM.Build.0 = Debug|x64
		{5EE676CD-3A59-4958-961E-33413BD82902}.AppStore|ARM.Deploy.0 = Debug|x64
		{5EE676CD-3A59-4958-961E-33413BD82902}.AppStore|ARM64.ActiveCfg = Debug|arm64
		{5EE676CD-3A59-4958-961E-33413BD82902}.AppStore|ARM64.Build.0 = Debug|arm64
		{5EE676CD-3A59-4958-961E-33413BD82902}.AppStore|ARM64.Deploy.0 = Debug|arm64
		{5EE676CD-3A59-4958-961E-33413BD82902}.AppStore|iOS.ActiveCfg = Debug|x64
		{5EE676CD-3A59-4958-961E-33413BD82902}.AppStore|iOS.Build.0 = Debug|x64
		{5EE676CD-3A59-4958-961E-33413BD82902}.AppStore|iOS.Deploy.0 = Debug|x64
		{5EE676CD-3A59-4958-961E-33413BD82902}.AppStore|iPhone.ActiveCfg = Debug|x64
		{5EE676CD-3A59-4958-961E-33413BD82902}.AppStore|iPhone.Build.0 = Debug|x64
		{5EE676CD-3A59-4958-961E-33413BD82902}.AppStore|iPhone.Deploy.0 = Debug|x64
		{5EE676CD-3A59-4958-961E-33413BD82902}.AppStore|iPhoneSimulator.ActiveCfg = Debug|x64
		{5EE676CD-3A59-4958-961E-33413BD82902}.AppStore|iPhoneSimulator.Build.0 = Debug|x64
		{5EE676CD-3A59-4958-961E-33413BD82902}.AppStore|iPhoneSimulator.Deploy.0 = Debug|x64
		{5EE676CD-3A59-4958-961E-33413BD82902}.AppStore|NuGet.ActiveCfg = Debug|x64
		{5EE676CD-3A59-4958-961E-33413BD82902}.AppStore|NuGet.Build.0 = Debug|x64
		{5EE676CD-3A59-4958-961E-33413BD82902}.AppStore|NuGet.Deploy.0 = Debug|x64
		{5EE676CD-3A59-4958-961E-33413BD82902}.AppStore|UAP.ActiveCfg = Debug|x64
		{5EE676CD-3A59-4958-961E-33413BD82902}.AppStore|UAP.Build.0 = Debug|x64
		{5EE676CD-3A59-4958-961E-33413BD82902}.AppStore|UAP.Deploy.0 = Debug|x64
		{5EE676CD-3A59-4958-961E-33413BD82902}.AppStore|x64.ActiveCfg = Debug|x64
		{5EE676CD-3A59-4958-961E-33413BD82902}.AppStore|x64.Build.0 = Debug|x64
		{5EE676CD-3A59-4958-961E-33413BD82902}.AppStore|x64.Deploy.0 = Debug|x64
		{5EE676CD-3A59-4958-961E-33413BD82902}.AppStore|x86.ActiveCfg = Debug|x86
		{5EE676CD-3A59-4958-961E-33413BD82902}.AppStore|x86.Build.0 = Debug|x86
		{5EE676CD-3A59-4958-961E-33413BD82902}.AppStore|x86.Deploy.0 = Debug|x86
		{5EE676CD-3A59-4958-961E-33413BD82902}.Debug|Android.ActiveCfg = Debug|x64
		{5EE676CD-3A59-4958-961E-33413BD82902}.Debug|Android.Build.0 = Debug|x64
		{5EE676CD-3A59-4958-961E-33413BD82902}.Debug|Android.Deploy.0 = Debug|x64
		{5EE676CD-3A59-4958-961E-33413BD82902}.Debug|Any CPU.ActiveCfg = Debug|x64
		{5EE676CD-3A59-4958-961E-33413BD82902}.Debug|Any CPU.Build.0 = Debug|x64
		{5EE676CD-3A59-4958-961E-33413BD82902}.Debug|Any CPU.Deploy.0 = Debug|x64
		{5EE676CD-3A59-4958-961E-33413BD82902}.Debug|ARM.ActiveCfg = Debug|x64
		{5EE676CD-3A59-4958-961E-33413BD82902}.Debug|ARM.Build.0 = Debug|x64
		{5EE676CD-3A59-4958-961E-33413BD82902}.Debug|ARM.Deploy.0 = Debug|x64
		{5EE676CD-3A59-4958-961E-33413BD82902}.Debug|ARM64.ActiveCfg = Debug|arm64
		{5EE676CD-3A59-4958-961E-33413BD82902}.Debug|ARM64.Build.0 = Debug|arm64
		{5EE676CD-3A59-4958-961E-33413BD82902}.Debug|ARM64.Deploy.0 = Debug|arm64
		{5EE676CD-3A59-4958-961E-33413BD82902}.Debug|iOS.ActiveCfg = Debug|x64
		{5EE676CD-3A59-4958-961E-33413BD82902}.Debug|iOS.Build.0 = Debug|x64
		{5EE676CD-3A59-4958-961E-33413BD82902}.Debug|iOS.Deploy.0 = Debug|x64
		{5EE676CD-3A59-4958-961E-33413BD82902}.Debug|iPhone.ActiveCfg = Debug|x64
		{5EE676CD-3A59-4958-961E-33413BD82902}.Debug|iPhone.Build.0 = Debug|x64
		{5EE676CD-3A59-4958-961E-33413BD82902}.Debug|iPhone.Deploy.0 = Debug|x64
		{5EE676CD-3A59-4958-961E-33413BD82902}.Debug|iPhoneSimulator.ActiveCfg = Debug|x64
		{5EE676CD-3A59-4958-961E-33413BD82902}.Debug|iPhoneSimulator.Build.0 = Debug|x64
		{5EE676CD-3A59-4958-961E-33413BD82902}.Debug|iPhoneSimulator.Deploy.0 = Debug|x64
		{5EE676CD-3A59-4958-961E-33413BD82902}.Debug|NuGet.ActiveCfg = Debug|x64
		{5EE676CD-3A59-4958-961E-33413BD82902}.Debug|NuGet.Build.0 = Debug|x64
		{5EE676CD-3A59-4958-961E-33413BD82902}.Debug|NuGet.Deploy.0 = Debug|x64
		{5EE676CD-3A59-4958-961E-33413BD82902}.Debug|UAP.ActiveCfg = Debug|x64
		{5EE676CD-3A59-4958-961E-33413BD82902}.Debug|UAP.Build.0 = Debug|x64
		{5EE676CD-3A59-4958-961E-33413BD82902}.Debug|UAP.Deploy.0 = Debug|x64
		{5EE676CD-3A59-4958-961E-33413BD82902}.Debug|x64.ActiveCfg = Debug|x64
		{5EE676CD-3A59-4958-961E-33413BD82902}.Debug|x64.Build.0 = Debug|x64
		{5EE676CD-3A59-4958-961E-33413BD82902}.Debug|x64.Deploy.0 = Debug|x64
		{5EE676CD-3A59-4958-961E-33413BD82902}.Debug|x86.ActiveCfg = Debug|x86
		{5EE676CD-3A59-4958-961E-33413BD82902}.Debug|x86.Build.0 = Debug|x86
		{5EE676CD-3A59-4958-961E-33413BD82902}.Debug|x86.Deploy.0 = Debug|x86
		{5EE676CD-3A59-4958-961E-33413BD82902}.Release|Android.ActiveCfg = Release|x64
		{5EE676CD-3A59-4958-961E-33413BD82902}.Release|Android.Build.0 = Release|x64
		{5EE676CD-3A59-4958-961E-33413BD82902}.Release|Android.Deploy.0 = Release|x64
		{5EE676CD-3A59-4958-961E-33413BD82902}.Release|Any CPU.ActiveCfg = Release|x64
		{5EE676CD-3A59-4958-961E-33413BD82902}.Release|Any CPU.Build.0 = Release|x64
		{5EE676CD-3A59-4958-961E-33413BD82902}.Release|Any CPU.Deploy.0 = Release|x64
		{5EE676CD-3A59-4958-961E-33413BD82902}.Release|ARM.ActiveCfg = Release|x64
		{5EE676CD-3A59-4958-961E-33413BD82902}.Release|ARM.Build.0 = Release|x64
		{5EE676CD-3A59-4958-961E-33413BD82902}.Release|ARM.Deploy.0 = Release|x64
		{5EE676CD-3A59-4958-961E-33413BD82902}.Release|ARM64.ActiveCfg = Release|arm64
		{5EE676CD-3A59-4958-961E-33413BD82902}.Release|ARM64.Build.0 = Release|arm64
		{5EE676CD-3A59-4958-961E-33413BD82902}.Release|ARM64.Deploy.0 = Release|arm64
		{5EE676CD-3A59-4958-961E-33413BD82902}.Release|iOS.ActiveCfg = Release|x64
		{5EE676CD-3A59-4958-961E-33413BD82902}.Release|iOS.Build.0 = Release|x64
		{5EE676CD-3A59-4958-961E-33413BD82902}.Release|iOS.Deploy.0 = Release|x64
		{5EE676CD-3A59-4958-961E-33413BD82902}.Release|iPhone.ActiveCfg = Release|x64
		{5EE676CD-3A59-4958-961E-33413BD82902}.Release|iPhone.Build.0 = Release|x64
		{5EE676CD-3A59-4958-961E-33413BD82902}.Release|iPhone.Deploy.0 = Release|x64
		{5EE676CD-3A59-4958-961E-33413BD82902}.Release|iPhoneSimulator.ActiveCfg = Release|x64
		{5EE676CD-3A59-4958-961E-33413BD82902}.Release|iPhoneSimulator.Build.0 = Release|x64
		{5EE676CD-3A59-4958-961E-33413BD82902}.Release|iPhoneSimulator.Deploy.0 = Release|x64
		{5EE676CD-3A59-4958-961E-33413BD82902}.Release|NuGet.ActiveCfg = Release|x64
		{5EE676CD-3A59-4958-961E-33413BD82902}.Release|NuGet.Build.0 = Release|x64
		{5EE676CD-3A59-4958-961E-33413BD82902}.Release|NuGet.Deploy.0 = Release|x64
		{5EE676CD-3A59-4958-961E-33413BD82902}.Release|UAP.ActiveCfg = Release|x64
		{5EE676CD-3A59-4958-961E-33413BD82902}.Release|UAP.Build.0 = Release|x64
		{5EE676CD-3A59-4958-961E-33413BD82902}.Release|UAP.Deploy.0 = Release|x64
		{5EE676CD-3A59-4958-961E-33413BD82902}.Release|x64.ActiveCfg = Release|x64
		{5EE676CD-3A59-4958-961E-33413BD82902}.Release|x64.Build.0 = Release|x64
		{5EE676CD-3A59-4958-961E-33413BD82902}.Release|x64.Deploy.0 = Release|x64
		{5EE676CD-3A59-4958-961E-33413BD82902}.Release|x86.ActiveCfg = Release|x86
		{5EE676CD-3A59-4958-961E-33413BD82902}.Release|x86.Build.0 = Release|x86
		{5EE676CD-3A59-4958-961E-33413BD82902}.Release|x86.Deploy.0 = Release|x86
		{B086D4DB-F680-4775-A1E1-E7844D1EFC9E}.Ad-Hoc|Android.ActiveCfg = Debug|Any CPU
		{B086D4DB-F680-4775-A1E1-E7844D1EFC9E}.Ad-Hoc|Android.Build.0 = Debug|Any CPU
		{B086D4DB-F680-4775-A1E1-E7844D1EFC9E}.Ad-Hoc|Android.Deploy.0 = Debug|Any CPU
		{B086D4DB-F680-4775-A1E1-E7844D1EFC9E}.Ad-Hoc|Any CPU.ActiveCfg = Debug|Any CPU
		{B086D4DB-F680-4775-A1E1-E7844D1EFC9E}.Ad-Hoc|Any CPU.Build.0 = Debug|Any CPU
		{B086D4DB-F680-4775-A1E1-E7844D1EFC9E}.Ad-Hoc|Any CPU.Deploy.0 = Debug|Any CPU
		{B086D4DB-F680-4775-A1E1-E7844D1EFC9E}.Ad-Hoc|ARM.ActiveCfg = Debug|Any CPU
		{B086D4DB-F680-4775-A1E1-E7844D1EFC9E}.Ad-Hoc|ARM.Build.0 = Debug|Any CPU
		{B086D4DB-F680-4775-A1E1-E7844D1EFC9E}.Ad-Hoc|ARM.Deploy.0 = Debug|Any CPU
		{B086D4DB-F680-4775-A1E1-E7844D1EFC9E}.Ad-Hoc|ARM64.ActiveCfg = Debug|Any CPU
		{B086D4DB-F680-4775-A1E1-E7844D1EFC9E}.Ad-Hoc|ARM64.Build.0 = Debug|Any CPU
		{B086D4DB-F680-4775-A1E1-E7844D1EFC9E}.Ad-Hoc|ARM64.Deploy.0 = Debug|Any CPU
		{B086D4DB-F680-4775-A1E1-E7844D1EFC9E}.Ad-Hoc|iOS.ActiveCfg = Debug|Any CPU
		{B086D4DB-F680-4775-A1E1-E7844D1EFC9E}.Ad-Hoc|iOS.Build.0 = Debug|Any CPU
		{B086D4DB-F680-4775-A1E1-E7844D1EFC9E}.Ad-Hoc|iOS.Deploy.0 = Debug|Any CPU
		{B086D4DB-F680-4775-A1E1-E7844D1EFC9E}.Ad-Hoc|iPhone.ActiveCfg = Debug|Any CPU
		{B086D4DB-F680-4775-A1E1-E7844D1EFC9E}.Ad-Hoc|iPhone.Build.0 = Debug|Any CPU
		{B086D4DB-F680-4775-A1E1-E7844D1EFC9E}.Ad-Hoc|iPhone.Deploy.0 = Debug|Any CPU
		{B086D4DB-F680-4775-A1E1-E7844D1EFC9E}.Ad-Hoc|iPhoneSimulator.ActiveCfg = Debug|Any CPU
		{B086D4DB-F680-4775-A1E1-E7844D1EFC9E}.Ad-Hoc|iPhoneSimulator.Build.0 = Debug|Any CPU
		{B086D4DB-F680-4775-A1E1-E7844D1EFC9E}.Ad-Hoc|iPhoneSimulator.Deploy.0 = Debug|Any CPU
		{B086D4DB-F680-4775-A1E1-E7844D1EFC9E}.Ad-Hoc|NuGet.ActiveCfg = Debug|Any CPU
		{B086D4DB-F680-4775-A1E1-E7844D1EFC9E}.Ad-Hoc|NuGet.Build.0 = Debug|Any CPU
		{B086D4DB-F680-4775-A1E1-E7844D1EFC9E}.Ad-Hoc|NuGet.Deploy.0 = Debug|Any CPU
		{B086D4DB-F680-4775-A1E1-E7844D1EFC9E}.Ad-Hoc|UAP.ActiveCfg = Debug|Any CPU
		{B086D4DB-F680-4775-A1E1-E7844D1EFC9E}.Ad-Hoc|UAP.Build.0 = Debug|Any CPU
		{B086D4DB-F680-4775-A1E1-E7844D1EFC9E}.Ad-Hoc|UAP.Deploy.0 = Debug|Any CPU
		{B086D4DB-F680-4775-A1E1-E7844D1EFC9E}.Ad-Hoc|x64.ActiveCfg = Debug|Any CPU
		{B086D4DB-F680-4775-A1E1-E7844D1EFC9E}.Ad-Hoc|x64.Build.0 = Debug|Any CPU
		{B086D4DB-F680-4775-A1E1-E7844D1EFC9E}.Ad-Hoc|x64.Deploy.0 = Debug|Any CPU
		{B086D4DB-F680-4775-A1E1-E7844D1EFC9E}.Ad-Hoc|x86.ActiveCfg = Debug|Any CPU
		{B086D4DB-F680-4775-A1E1-E7844D1EFC9E}.Ad-Hoc|x86.Build.0 = Debug|Any CPU
		{B086D4DB-F680-4775-A1E1-E7844D1EFC9E}.Ad-Hoc|x86.Deploy.0 = Debug|Any CPU
		{B086D4DB-F680-4775-A1E1-E7844D1EFC9E}.AppStore|Android.ActiveCfg = Debug|Any CPU
		{B086D4DB-F680-4775-A1E1-E7844D1EFC9E}.AppStore|Android.Build.0 = Debug|Any CPU
		{B086D4DB-F680-4775-A1E1-E7844D1EFC9E}.AppStore|Android.Deploy.0 = Debug|Any CPU
		{B086D4DB-F680-4775-A1E1-E7844D1EFC9E}.AppStore|Any CPU.ActiveCfg = Debug|Any CPU
		{B086D4DB-F680-4775-A1E1-E7844D1EFC9E}.AppStore|Any CPU.Build.0 = Debug|Any CPU
		{B086D4DB-F680-4775-A1E1-E7844D1EFC9E}.AppStore|Any CPU.Deploy.0 = Debug|Any CPU
		{B086D4DB-F680-4775-A1E1-E7844D1EFC9E}.AppStore|ARM.ActiveCfg = Debug|Any CPU
		{B086D4DB-F680-4775-A1E1-E7844D1EFC9E}.AppStore|ARM.Build.0 = Debug|Any CPU
		{B086D4DB-F680-4775-A1E1-E7844D1EFC9E}.AppStore|ARM.Deploy.0 = Debug|Any CPU
		{B086D4DB-F680-4775-A1E1-E7844D1EFC9E}.AppStore|ARM64.ActiveCfg = Debug|Any CPU
		{B086D4DB-F680-4775-A1E1-E7844D1EFC9E}.AppStore|ARM64.Build.0 = Debug|Any CPU
		{B086D4DB-F680-4775-A1E1-E7844D1EFC9E}.AppStore|ARM64.Deploy.0 = Debug|Any CPU
		{B086D4DB-F680-4775-A1E1-E7844D1EFC9E}.AppStore|iOS.ActiveCfg = Debug|Any CPU
		{B086D4DB-F680-4775-A1E1-E7844D1EFC9E}.AppStore|iOS.Build.0 = Debug|Any CPU
		{B086D4DB-F680-4775-A1E1-E7844D1EFC9E}.AppStore|iOS.Deploy.0 = Debug|Any CPU
		{B086D4DB-F680-4775-A1E1-E7844D1EFC9E}.AppStore|iPhone.ActiveCfg = Debug|Any CPU
		{B086D4DB-F680-4775-A1E1-E7844D1EFC9E}.AppStore|iPhone.Build.0 = Debug|Any CPU
		{B086D4DB-F680-4775-A1E1-E7844D1EFC9E}.AppStore|iPhone.Deploy.0 = Debug|Any CPU
		{B086D4DB-F680-4775-A1E1-E7844D1EFC9E}.AppStore|iPhoneSimulator.ActiveCfg = Debug|Any CPU
		{B086D4DB-F680-4775-A1E1-E7844D1EFC9E}.AppStore|iPhoneSimulator.Build.0 = Debug|Any CPU
		{B086D4DB-F680-4775-A1E1-E7844D1EFC9E}.AppStore|iPhoneSimulator.Deploy.0 = Debug|Any CPU
		{B086D4DB-F680-4775-A1E1-E7844D1EFC9E}.AppStore|NuGet.ActiveCfg = Debug|Any CPU
		{B086D4DB-F680-4775-A1E1-E7844D1EFC9E}.AppStore|NuGet.Build.0 = Debug|Any CPU
		{B086D4DB-F680-4775-A1E1-E7844D1EFC9E}.AppStore|NuGet.Deploy.0 = Debug|Any CPU
		{B086D4DB-F680-4775-A1E1-E7844D1EFC9E}.AppStore|UAP.ActiveCfg = Debug|Any CPU
		{B086D4DB-F680-4775-A1E1-E7844D1EFC9E}.AppStore|UAP.Build.0 = Debug|Any CPU
		{B086D4DB-F680-4775-A1E1-E7844D1EFC9E}.AppStore|UAP.Deploy.0 = Debug|Any CPU
		{B086D4DB-F680-4775-A1E1-E7844D1EFC9E}.AppStore|x64.ActiveCfg = Debug|Any CPU
		{B086D4DB-F680-4775-A1E1-E7844D1EFC9E}.AppStore|x64.Build.0 = Debug|Any CPU
		{B086D4DB-F680-4775-A1E1-E7844D1EFC9E}.AppStore|x64.Deploy.0 = Debug|Any CPU
		{B086D4DB-F680-4775-A1E1-E7844D1EFC9E}.AppStore|x86.ActiveCfg = Debug|Any CPU
		{B086D4DB-F680-4775-A1E1-E7844D1EFC9E}.AppStore|x86.Build.0 = Debug|Any CPU
		{B086D4DB-F680-4775-A1E1-E7844D1EFC9E}.AppStore|x86.Deploy.0 = Debug|Any CPU
		{B086D4DB-F680-4775-A1E1-E7844D1EFC9E}.Debug|Android.ActiveCfg = Debug|Any CPU
		{B086D4DB-F680-4775-A1E1-E7844D1EFC9E}.Debug|Android.Build.0 = Debug|Any CPU
		{B086D4DB-F680-4775-A1E1-E7844D1EFC9E}.Debug|Android.Deploy.0 = Debug|Any CPU
		{B086D4DB-F680-4775-A1E1-E7844D1EFC9E}.Debug|Any CPU.ActiveCfg = Debug|Any CPU
		{B086D4DB-F680-4775-A1E1-E7844D1EFC9E}.Debug|Any CPU.Build.0 = Debug|Any CPU
		{B086D4DB-F680-4775-A1E1-E7844D1EFC9E}.Debug|Any CPU.Deploy.0 = Debug|Any CPU
		{B086D4DB-F680-4775-A1E1-E7844D1EFC9E}.Debug|ARM.ActiveCfg = Debug|Any CPU
		{B086D4DB-F680-4775-A1E1-E7844D1EFC9E}.Debug|ARM.Build.0 = Debug|Any CPU
		{B086D4DB-F680-4775-A1E1-E7844D1EFC9E}.Debug|ARM.Deploy.0 = Debug|Any CPU
		{B086D4DB-F680-4775-A1E1-E7844D1EFC9E}.Debug|ARM64.ActiveCfg = Debug|Any CPU
		{B086D4DB-F680-4775-A1E1-E7844D1EFC9E}.Debug|ARM64.Build.0 = Debug|Any CPU
		{B086D4DB-F680-4775-A1E1-E7844D1EFC9E}.Debug|ARM64.Deploy.0 = Debug|Any CPU
		{B086D4DB-F680-4775-A1E1-E7844D1EFC9E}.Debug|iOS.ActiveCfg = Debug|Any CPU
		{B086D4DB-F680-4775-A1E1-E7844D1EFC9E}.Debug|iOS.Build.0 = Debug|Any CPU
		{B086D4DB-F680-4775-A1E1-E7844D1EFC9E}.Debug|iOS.Deploy.0 = Debug|Any CPU
		{B086D4DB-F680-4775-A1E1-E7844D1EFC9E}.Debug|iPhone.ActiveCfg = Debug|Any CPU
		{B086D4DB-F680-4775-A1E1-E7844D1EFC9E}.Debug|iPhone.Build.0 = Debug|Any CPU
		{B086D4DB-F680-4775-A1E1-E7844D1EFC9E}.Debug|iPhone.Deploy.0 = Debug|Any CPU
		{B086D4DB-F680-4775-A1E1-E7844D1EFC9E}.Debug|iPhoneSimulator.ActiveCfg = Debug|Any CPU
		{B086D4DB-F680-4775-A1E1-E7844D1EFC9E}.Debug|iPhoneSimulator.Build.0 = Debug|Any CPU
		{B086D4DB-F680-4775-A1E1-E7844D1EFC9E}.Debug|iPhoneSimulator.Deploy.0 = Debug|Any CPU
		{B086D4DB-F680-4775-A1E1-E7844D1EFC9E}.Debug|NuGet.ActiveCfg = Debug|Any CPU
		{B086D4DB-F680-4775-A1E1-E7844D1EFC9E}.Debug|NuGet.Build.0 = Debug|Any CPU
		{B086D4DB-F680-4775-A1E1-E7844D1EFC9E}.Debug|NuGet.Deploy.0 = Debug|Any CPU
		{B086D4DB-F680-4775-A1E1-E7844D1EFC9E}.Debug|UAP.ActiveCfg = Debug|Any CPU
		{B086D4DB-F680-4775-A1E1-E7844D1EFC9E}.Debug|UAP.Build.0 = Debug|Any CPU
		{B086D4DB-F680-4775-A1E1-E7844D1EFC9E}.Debug|UAP.Deploy.0 = Debug|Any CPU
		{B086D4DB-F680-4775-A1E1-E7844D1EFC9E}.Debug|x64.ActiveCfg = Debug|Any CPU
		{B086D4DB-F680-4775-A1E1-E7844D1EFC9E}.Debug|x64.Build.0 = Debug|Any CPU
		{B086D4DB-F680-4775-A1E1-E7844D1EFC9E}.Debug|x64.Deploy.0 = Debug|Any CPU
		{B086D4DB-F680-4775-A1E1-E7844D1EFC9E}.Debug|x86.ActiveCfg = Debug|Any CPU
		{B086D4DB-F680-4775-A1E1-E7844D1EFC9E}.Debug|x86.Build.0 = Debug|Any CPU
		{B086D4DB-F680-4775-A1E1-E7844D1EFC9E}.Debug|x86.Deploy.0 = Debug|Any CPU
		{B086D4DB-F680-4775-A1E1-E7844D1EFC9E}.Release|Android.ActiveCfg = Release|Any CPU
		{B086D4DB-F680-4775-A1E1-E7844D1EFC9E}.Release|Android.Build.0 = Release|Any CPU
		{B086D4DB-F680-4775-A1E1-E7844D1EFC9E}.Release|Android.Deploy.0 = Release|Any CPU
		{B086D4DB-F680-4775-A1E1-E7844D1EFC9E}.Release|Any CPU.ActiveCfg = Release|Any CPU
		{B086D4DB-F680-4775-A1E1-E7844D1EFC9E}.Release|Any CPU.Build.0 = Release|Any CPU
		{B086D4DB-F680-4775-A1E1-E7844D1EFC9E}.Release|Any CPU.Deploy.0 = Release|Any CPU
		{B086D4DB-F680-4775-A1E1-E7844D1EFC9E}.Release|ARM.ActiveCfg = Release|Any CPU
		{B086D4DB-F680-4775-A1E1-E7844D1EFC9E}.Release|ARM.Build.0 = Release|Any CPU
		{B086D4DB-F680-4775-A1E1-E7844D1EFC9E}.Release|ARM.Deploy.0 = Release|Any CPU
		{B086D4DB-F680-4775-A1E1-E7844D1EFC9E}.Release|ARM64.ActiveCfg = Release|Any CPU
		{B086D4DB-F680-4775-A1E1-E7844D1EFC9E}.Release|ARM64.Build.0 = Release|Any CPU
		{B086D4DB-F680-4775-A1E1-E7844D1EFC9E}.Release|ARM64.Deploy.0 = Release|Any CPU
		{B086D4DB-F680-4775-A1E1-E7844D1EFC9E}.Release|iOS.ActiveCfg = Release|Any CPU
		{B086D4DB-F680-4775-A1E1-E7844D1EFC9E}.Release|iOS.Build.0 = Release|Any CPU
		{B086D4DB-F680-4775-A1E1-E7844D1EFC9E}.Release|iOS.Deploy.0 = Release|Any CPU
		{B086D4DB-F680-4775-A1E1-E7844D1EFC9E}.Release|iPhone.ActiveCfg = Release|Any CPU
		{B086D4DB-F680-4775-A1E1-E7844D1EFC9E}.Release|iPhone.Build.0 = Release|Any CPU
		{B086D4DB-F680-4775-A1E1-E7844D1EFC9E}.Release|iPhone.Deploy.0 = Release|Any CPU
		{B086D4DB-F680-4775-A1E1-E7844D1EFC9E}.Release|iPhoneSimulator.ActiveCfg = Release|Any CPU
		{B086D4DB-F680-4775-A1E1-E7844D1EFC9E}.Release|iPhoneSimulator.Build.0 = Release|Any CPU
		{B086D4DB-F680-4775-A1E1-E7844D1EFC9E}.Release|iPhoneSimulator.Deploy.0 = Release|Any CPU
		{B086D4DB-F680-4775-A1E1-E7844D1EFC9E}.Release|NuGet.ActiveCfg = Release|Any CPU
		{B086D4DB-F680-4775-A1E1-E7844D1EFC9E}.Release|NuGet.Build.0 = Release|Any CPU
		{B086D4DB-F680-4775-A1E1-E7844D1EFC9E}.Release|NuGet.Deploy.0 = Release|Any CPU
		{B086D4DB-F680-4775-A1E1-E7844D1EFC9E}.Release|UAP.ActiveCfg = Release|Any CPU
		{B086D4DB-F680-4775-A1E1-E7844D1EFC9E}.Release|UAP.Build.0 = Release|Any CPU
		{B086D4DB-F680-4775-A1E1-E7844D1EFC9E}.Release|UAP.Deploy.0 = Release|Any CPU
		{B086D4DB-F680-4775-A1E1-E7844D1EFC9E}.Release|x64.ActiveCfg = Release|Any CPU
		{B086D4DB-F680-4775-A1E1-E7844D1EFC9E}.Release|x64.Build.0 = Release|Any CPU
		{B086D4DB-F680-4775-A1E1-E7844D1EFC9E}.Release|x64.Deploy.0 = Release|Any CPU
		{B086D4DB-F680-4775-A1E1-E7844D1EFC9E}.Release|x86.ActiveCfg = Release|Any CPU
		{B086D4DB-F680-4775-A1E1-E7844D1EFC9E}.Release|x86.Build.0 = Release|Any CPU
		{B086D4DB-F680-4775-A1E1-E7844D1EFC9E}.Release|x86.Deploy.0 = Release|Any CPU
	EndGlobalSection
	GlobalSection(SolutionProperties) = preSolution
		HideSolutionNode = FALSE
	EndGlobalSection
	GlobalSection(NestedProjects) = preSolution
		{4DDAB2D8-B610-4FAC-963E-E90EB18947B2} = {FEF47F84-F1E9-4614-BE34-4760890052F9}
		{EAD97829-803E-4A38-AC6E-90E9A6100715} = {FEF47F84-F1E9-4614-BE34-4760890052F9}
		{6279C845-92F8-4333-AB99-3D213163593C} = {FD058962-1F0C-422E-B02A-0A46444FA225}
		{5EE676CD-3A59-4958-961E-33413BD82902} = {FD058962-1F0C-422E-B02A-0A46444FA225}
		{B086D4DB-F680-4775-A1E1-E7844D1EFC9E} = {FD058962-1F0C-422E-B02A-0A46444FA225}
	EndGlobalSection
	GlobalSection(ExtensibilityGlobals) = postSolution
		SolutionGuid = {5BA7DD68-E008-4F53-8F51-83D42D3877B9}
	EndGlobalSection
	GlobalSection(SharedMSBuildProjectFiles) = preSolution
		src\View.Uno.Shared\Shared.projitems*{4ddab2d8-b610-4fac-963e-e90eb18947b2}*SharedItemsImports = 5
		src\View.Uno.Sample\View.Uno.Sample.Shared\View.Uno.Sample.Shared.projitems*{5ee676cd-3a59-4958-961e-33413bd82902}*SharedItemsImports = 5
		src\View.Uno.Sample\View.Uno.Sample.Shared\View.Uno.Sample.Shared.projitems*{6279c845-92f8-4333-ab99-3d213163593c}*SharedItemsImports = 13
		src\View.Uno.Sample\View.Uno.Sample.Shared\View.Uno.Sample.Shared.projitems*{b086d4db-f680-4775-a1e1-e7844d1efc9e}*SharedItemsImports = 5
		src\View.Uno.Shared\Shared.projitems*{ead97829-803e-4a38-ac6e-90e9a6100715}*SharedItemsImports = 13
	EndGlobalSection
EndGlobal
